// !$*UTF8*$!
{
	archiveVersion = 1;
	classes = {
	};
	objectVersion = 48;
	objects = {

/* Begin PBXBuildFile section */
		22ADBF4394FBCF303594DEBA /* SystemConfiguration.framework in Frameworks */ = {isa = PBXBuildFile; fileRef = 98CBA26AB3D47FE96EF433E8 /* SystemConfiguration.framework */; };
		5880C33C6C6240FD9910856A /* AVFoundation.framework in Frameworks */ = {isa = PBXBuildFile; fileRef = 7857594DCF7A4E5A16429C3E /* AVFoundation.framework */; };
		5E6EAE38F9E78488744604F7 /* CoreMedia.framework in Frameworks */ = {isa = PBXBuildFile; fileRef = 1E924F97AA7FB8B92E93D2F8 /* CoreMedia.framework */; };
		69D73FFCA4D55FFDF3BEB1EF /* BuddyBuildSDK.framework in Frameworks */ = {isa = PBXBuildFile; fileRef = 3CFF98EFE9DF2FC53E5D648D /* BuddyBuildSDK.framework */; };
		7A093E5B1F455EB5009E73B0 /* Colors.swift in Sources */ = {isa = PBXBuildFile; fileRef = 7A093E5A1F455EB4009E73B0 /* Colors.swift */; };
		7A093E5D1F45634F009E73B0 /* Fonts.swift in Sources */ = {isa = PBXBuildFile; fileRef = 7A093E5C1F45634F009E73B0 /* Fonts.swift */; };
		7A1806BE1F2826140036AB49 /* TwitterAuthenticationFlowSpec.swift in Sources */ = {isa = PBXBuildFile; fileRef = 7A1806BD1F2826140036AB49 /* TwitterAuthenticationFlowSpec.swift */; };
		7A229C2B1EFD932900ADB0C4 /* SourceSansPro-Black.ttf in Resources */ = {isa = PBXBuildFile; fileRef = 7AB7C8501EFD63880088F55D /* SourceSansPro-Black.ttf */; };
		7A229C2C1EFD932900ADB0C4 /* SourceSansPro-BlackItalic.ttf in Resources */ = {isa = PBXBuildFile; fileRef = 7AB7C8571EFD63880088F55D /* SourceSansPro-BlackItalic.ttf */; };
		7A229C2D1EFD932900ADB0C4 /* SourceSansPro-Bold.ttf in Resources */ = {isa = PBXBuildFile; fileRef = 7AB7C8531EFD63880088F55D /* SourceSansPro-Bold.ttf */; };
		7A229C2E1EFD932900ADB0C4 /* SourceSansPro-BoldItalic.ttf in Resources */ = {isa = PBXBuildFile; fileRef = 7AB7C8541EFD63880088F55D /* SourceSansPro-BoldItalic.ttf */; };
		7A229C2F1EFD932900ADB0C4 /* SourceSansPro-ExtraLight.ttf in Resources */ = {isa = PBXBuildFile; fileRef = 7AB7C8581EFD63880088F55D /* SourceSansPro-ExtraLight.ttf */; };
		7A229C301EFD932900ADB0C4 /* SourceSansPro-ExtraLightItalic.ttf in Resources */ = {isa = PBXBuildFile; fileRef = 7AB7C8511EFD63880088F55D /* SourceSansPro-ExtraLightItalic.ttf */; };
		7A229C311EFD932900ADB0C4 /* SourceSansPro-Italic.ttf in Resources */ = {isa = PBXBuildFile; fileRef = 7AB7C85A1EFD63880088F55D /* SourceSansPro-Italic.ttf */; };
		7A229C321EFD932900ADB0C4 /* SourceSansPro-Light.ttf in Resources */ = {isa = PBXBuildFile; fileRef = 7AB7C8551EFD63880088F55D /* SourceSansPro-Light.ttf */; };
		7A229C331EFD932900ADB0C4 /* SourceSansPro-LightItalic.ttf in Resources */ = {isa = PBXBuildFile; fileRef = 7AB7C8561EFD63880088F55D /* SourceSansPro-LightItalic.ttf */; };
		7A229C341EFD932900ADB0C4 /* SourceSansPro-Regular.ttf in Resources */ = {isa = PBXBuildFile; fileRef = 7AB7C8521EFD63880088F55D /* SourceSansPro-Regular.ttf */; };
		7A229C351EFD932900ADB0C4 /* SourceSansPro-SemiBold.ttf in Resources */ = {isa = PBXBuildFile; fileRef = 7AB7C8591EFD63880088F55D /* SourceSansPro-SemiBold.ttf */; };
		7A229C361EFD932900ADB0C4 /* SourceSansPro-SemiBoldItalic.ttf in Resources */ = {isa = PBXBuildFile; fileRef = 7AB7C84F1EFD63880088F55D /* SourceSansPro-SemiBoldItalic.ttf */; };
		7A229C371EFD95AC00ADB0C4 /* AddLeadViewController.swift in Sources */ = {isa = PBXBuildFile; fileRef = 7A47C11B1EFC824A00360F94 /* AddLeadViewController.swift */; };
		7A2B852A1F53171D00B287EF /* UIHelpers.swift in Sources */ = {isa = PBXBuildFile; fileRef = 7A2B85291F53171D00B287EF /* UIHelpers.swift */; };
		7A2B852C1F53192300B287EF /* ListAllLeadsCoordinator.swift in Sources */ = {isa = PBXBuildFile; fileRef = 7A2B852B1F53192300B287EF /* ListAllLeadsCoordinator.swift */; };
		7A2B852E1F531C8000B287EF /* ListLeadsViewController.swift in Sources */ = {isa = PBXBuildFile; fileRef = 7A2B852D1F531C8000B287EF /* ListLeadsViewController.swift */; };
		7A2B85301F53262C00B287EF /* LeadCell.swift in Sources */ = {isa = PBXBuildFile; fileRef = 7A2B852F1F53262C00B287EF /* LeadCell.swift */; };
		7A3398111F300C0C00BFEE4A /* Keyboard.swift in Sources */ = {isa = PBXBuildFile; fileRef = 7A3398101F300C0C00BFEE4A /* Keyboard.swift */; };
		7A403D1E1F2E49DD004A5476 /* UserCell.swift in Sources */ = {isa = PBXBuildFile; fileRef = 7A403D1D1F2E49DD004A5476 /* UserCell.swift */; };
		7A403D201F2E736C004A5476 /* SearchHeader.swift in Sources */ = {isa = PBXBuildFile; fileRef = 7A403D1F1F2E736C004A5476 /* SearchHeader.swift */; };
		7A46CBEB1F2195F400CD5E47 /* KeychainSwift.framework in Frameworks */ = {isa = PBXBuildFile; fileRef = 7A46CBEA1F2195F400CD5E47 /* KeychainSwift.framework */; };
		7A46CBED1F21978900CD5E47 /* Keys.swift in Sources */ = {isa = PBXBuildFile; fileRef = 7A46CBEC1F21978900CD5E47 /* Keys.swift */; };
		7A46CBEE1F2198A700CD5E47 /* KeychainSwift.framework in Embed Frameworks */ = {isa = PBXBuildFile; fileRef = 7A46CBEA1F2195F400CD5E47 /* KeychainSwift.framework */; settings = {ATTRIBUTES = (CodeSignOnCopy, RemoveHeadersOnCopy, ); }; };
		7A47C10D1EFC7FCF00360F94 /* (null) in Sources */ = {isa = PBXBuildFile; };
		7A47C10F1EFC806300360F94 /* (null) in Sources */ = {isa = PBXBuildFile; };
		7A47C1121EFC809200360F94 /* (null) in Sources */ = {isa = PBXBuildFile; };
		7A47C1161EFC80E600360F94 /* (null) in Sources */ = {isa = PBXBuildFile; };
		7A47C1221EFC829700360F94 /* SourceSelector.swift in Sources */ = {isa = PBXBuildFile; fileRef = 7A47C1211EFC829700360F94 /* SourceSelector.swift */; };
		7A47C1231EFC838000360F94 /* AppCoordinator.swift in Sources */ = {isa = PBXBuildFile; fileRef = 7A47C11F1EFC826B00360F94 /* AppCoordinator.swift */; };
		7A47C1241EFC838300360F94 /* AddLeadCoordinator.swift in Sources */ = {isa = PBXBuildFile; fileRef = 7A47C11E1EFC826B00360F94 /* AddLeadCoordinator.swift */; };
		7A47C1251EFC838700360F94 /* AddLeadView.swift in Sources */ = {isa = PBXBuildFile; fileRef = 7A47C1191EFC824A00360F94 /* AddLeadView.swift */; };
		7A4BC8C31F313A0300C2766E /* SelectActivityViewController.swift in Sources */ = {isa = PBXBuildFile; fileRef = 7A4BC8C21F313A0300C2766E /* SelectActivityViewController.swift */; };
		7A4BC8C71F313F5700C2766E /* ActivityCell.swift in Sources */ = {isa = PBXBuildFile; fileRef = 7A4BC8C61F313F5700C2766E /* ActivityCell.swift */; };
		7A5937011EFD54980011ED2E /* Assets.swift in Sources */ = {isa = PBXBuildFile; fileRef = 7A5936FF1EFD54910011ED2E /* Assets.swift */; };
		7A5937021EFD549B0011ED2E /* Storyboards.swift in Sources */ = {isa = PBXBuildFile; fileRef = 7A5937001EFD54910011ED2E /* Storyboards.swift */; };
		7A5937221EFD58B90011ED2E /* Localizable.strings in Resources */ = {isa = PBXBuildFile; fileRef = 7A5937211EFD58B90011ED2E /* Localizable.strings */; };
		7A5D04511EFDA64F0020E057 /* CryptoSwift.framework in Frameworks */ = {isa = PBXBuildFile; fileRef = 7A5D04501EFDA62A0020E057 /* CryptoSwift.framework */; };
		7A5D04551EFDA72B0020E057 /* CryptoSwift.framework in Frameworks */ = {isa = PBXBuildFile; fileRef = 7A5D04501EFDA62A0020E057 /* CryptoSwift.framework */; };
		7A5D04561EFDA72B0020E057 /* CryptoSwift.framework in Embed Frameworks */ = {isa = PBXBuildFile; fileRef = 7A5D04501EFDA62A0020E057 /* CryptoSwift.framework */; settings = {ATTRIBUTES = (CodeSignOnCopy, RemoveHeadersOnCopy, ); }; };
		7A7A08B01F23A8400006EF3E /* Nimble.framework in Frameworks */ = {isa = PBXBuildFile; fileRef = 7A89C8B51F1A7F5A001ACFBA /* Nimble.framework */; };
		7A7A08B11F23A8400006EF3E /* Quick.framework in Frameworks */ = {isa = PBXBuildFile; fileRef = 7A89C8B41F1A7F5A001ACFBA /* Quick.framework */; };
		7A7A08B31F23A89C0006EF3E /* Nimble.framework in CopyFiles */ = {isa = PBXBuildFile; fileRef = 7A89C8B51F1A7F5A001ACFBA /* Nimble.framework */; settings = {ATTRIBUTES = (CodeSignOnCopy, RemoveHeadersOnCopy, ); }; };
		7A7A08B41F23A89C0006EF3E /* Quick.framework in CopyFiles */ = {isa = PBXBuildFile; fileRef = 7A89C8B41F1A7F5A001ACFBA /* Quick.framework */; settings = {ATTRIBUTES = (CodeSignOnCopy, RemoveHeadersOnCopy, ); }; };
		7A8390441F23B07B0010AA3F /* TwitterAuthenticationFlow.swift in Sources */ = {isa = PBXBuildFile; fileRef = 7A8390431F23B07B0010AA3F /* TwitterAuthenticationFlow.swift */; };
		7A8796EB1F39560900DA5D09 /* LeadConfirmationViewController.swift in Sources */ = {isa = PBXBuildFile; fileRef = 7A8796EA1F39560900DA5D09 /* LeadConfirmationViewController.swift */; };
		7A8796ED1F39574800DA5D09 /* ActivityCell.xib in Resources */ = {isa = PBXBuildFile; fileRef = 7A8796EC1F39574800DA5D09 /* ActivityCell.xib */; };
		7A96283D1F6DBD8B0048CEB2 /* BirdNest.framework in Frameworks */ = {isa = PBXBuildFile; fileRef = 7A9628341F6DBD8B0048CEB2 /* BirdNest.framework */; };
		7A9628441F6DBD8B0048CEB2 /* TwitterKit.h in Headers */ = {isa = PBXBuildFile; fileRef = 7A9628361F6DBD8B0048CEB2 /* TwitterKit.h */; settings = {ATTRIBUTES = (Public, ); }; };
		7A9628541F6DBE0C0048CEB2 /* Sourcery.swift in Sources */ = {isa = PBXBuildFile; fileRef = 7A88660E1F1825C0000668BF /* Sourcery.swift */; };
		7A9628551F6DBE0C0048CEB2 /* Signature.swift in Sources */ = {isa = PBXBuildFile; fileRef = 7A10F4DA1EFDD7E3006EC7AB /* Signature.swift */; };
		7A9628561F6DBE0C0048CEB2 /* TokenResponse.swift in Sources */ = {isa = PBXBuildFile; fileRef = 7A89C8B01F1A77D5001ACFBA /* TokenResponse.swift */; };
		7A9628571F6DBE0C0048CEB2 /* Twitter.swift in Sources */ = {isa = PBXBuildFile; fileRef = 7A5DA7711EFD9C330013BF40 /* Twitter.swift */; };
		7A9628581F6DBE0C0048CEB2 /* TwitterAuthorization.swift in Sources */ = {isa = PBXBuildFile; fileRef = 7A96284E1F6DBDD50048CEB2 /* TwitterAuthorization.swift */; };
		7A9628591F6DBE0C0048CEB2 /* Status.swift in Sources */ = {isa = PBXBuildFile; fileRef = 7A10F4DC1EFDD8D0006EC7AB /* Status.swift */; };
		7A96285A1F6DBE0C0048CEB2 /* TokenProvider.swift in Sources */ = {isa = PBXBuildFile; fileRef = 7A10F4D81EFDD7C5006EC7AB /* TokenProvider.swift */; };
		7A96285B1F6DBE0C0048CEB2 /* TwitterUser.swift in Sources */ = {isa = PBXBuildFile; fileRef = 7A88660C1F1825C0000668BF /* TwitterUser.swift */; };
		7A96285C1F6DBE300048CEB2 /* Identifiable.swift in Sources */ = {isa = PBXBuildFile; fileRef = 7A88660B1F1825C0000668BF /* Identifiable.swift */; };
		7A96285D1F6DBE350048CEB2 /* AccessTokenResponse.swift in Sources */ = {isa = PBXBuildFile; fileRef = 7A9628501F6DBDD50048CEB2 /* AccessTokenResponse.swift */; };
		7A96285E1F6DBE990048CEB2 /* BodyDecodable.swift in Sources */ = {isa = PBXBuildFile; fileRef = 7A88660D1F1825C0000668BF /* BodyDecodable.swift */; };
		7A96285F1F6DBEAA0048CEB2 /* Clock.swift in Sources */ = {isa = PBXBuildFile; fileRef = 7A10F4D61EFDD7B6006EC7AB /* Clock.swift */; };
		7A9628601F6DBEAA0048CEB2 /* Encoding.swift in Sources */ = {isa = PBXBuildFile; fileRef = 7A96284F1F6DBDD50048CEB2 /* Encoding.swift */; };
		7A9628611F6DBFCE0048CEB2 /* ReactiveSwift.framework in Frameworks */ = {isa = PBXBuildFile; fileRef = 7AB7C85E1EFD8D140088F55D /* ReactiveSwift.framework */; };
		7A9628621F6DBFCE0048CEB2 /* Result.framework in Frameworks */ = {isa = PBXBuildFile; fileRef = 7AB7C8601EFD8D140088F55D /* Result.framework */; };
		7A9628631F6DBFD30048CEB2 /* CryptoSwift.framework in Frameworks */ = {isa = PBXBuildFile; fileRef = 7A5D04501EFDA62A0020E057 /* CryptoSwift.framework */; };
		7A9628641F6DC10C0048CEB2 /* GET-users-search-json-q-Twitter-API-page-1-count-20.json in Resources */ = {isa = PBXBuildFile; fileRef = 7A88661E1F184406000668BF /* GET-users-search-json-q-Twitter-API-page-1-count-20.json */; };
		7A9628651F6DC1150048CEB2 /* Fixture.swift in Sources */ = {isa = PBXBuildFile; fileRef = 7A88660F1F1825CE000668BF /* Fixture.swift */; };
		7A9628661F6DC1150048CEB2 /* TokenResponseTests.swift in Sources */ = {isa = PBXBuildFile; fileRef = 7A8866121F1825CE000668BF /* TokenResponseTests.swift */; };
		7A9628671F6DC1150048CEB2 /* TwitterUserTests.swift in Sources */ = {isa = PBXBuildFile; fileRef = 7A8866131F1825CE000668BF /* TwitterUserTests.swift */; };
		7A9628681F6DC1150048CEB2 /* TwitterTests.swift in Sources */ = {isa = PBXBuildFile; fileRef = 7A5DA7751EFD9F350013BF40 /* TwitterTests.swift */; };
		7A9628691F6DC1150048CEB2 /* EncodingTests.swift in Sources */ = {isa = PBXBuildFile; fileRef = 7AC64E5D1EFF12FF006B15E4 /* EncodingTests.swift */; };
		7A96286A1F6DC1150048CEB2 /* RequestTests.swift in Sources */ = {isa = PBXBuildFile; fileRef = 7AC64E5F1EFFF05A006B15E4 /* RequestTests.swift */; };
		7A96286B1F6DC1150048CEB2 /* SignatureSpec.swift in Sources */ = {isa = PBXBuildFile; fileRef = 7A61974F1F16FEFF009ED947 /* SignatureSpec.swift */; };
		7A96286C1F6DC1150048CEB2 /* TwitterAuthorizationSpec.swift in Sources */ = {isa = PBXBuildFile; fileRef = 7A21F9081F1A834B00A0F588 /* TwitterAuthorizationSpec.swift */; };
		7A96286D1F6DC1150048CEB2 /* TokenResponseSpec.swift in Sources */ = {isa = PBXBuildFile; fileRef = 7A21F9131F1B067700A0F588 /* TokenResponseSpec.swift */; };
		7A96286E1F6DC1150048CEB2 /* AccessTokenResponseSpec.swift in Sources */ = {isa = PBXBuildFile; fileRef = 7A46CBE81F21757D00CD5E47 /* AccessTokenResponseSpec.swift */; };
		7A9628701F6DC13F0048CEB2 /* KeychainSwift.framework in CopyFiles */ = {isa = PBXBuildFile; fileRef = 7A46CBEA1F2195F400CD5E47 /* KeychainSwift.framework */; settings = {ATTRIBUTES = (CodeSignOnCopy, RemoveHeadersOnCopy, ); }; };
		7A9628711F6DC13F0048CEB2 /* OHHTTPStubs.framework in CopyFiles */ = {isa = PBXBuildFile; fileRef = 7A21F90C1F1AE1B200A0F588 /* OHHTTPStubs.framework */; settings = {ATTRIBUTES = (CodeSignOnCopy, RemoveHeadersOnCopy, ); }; };
		7A9628721F6DC13F0048CEB2 /* Nimble.framework in CopyFiles */ = {isa = PBXBuildFile; fileRef = 7A89C8B51F1A7F5A001ACFBA /* Nimble.framework */; settings = {ATTRIBUTES = (CodeSignOnCopy, RemoveHeadersOnCopy, ); }; };
		7A9628731F6DC13F0048CEB2 /* Quick.framework in CopyFiles */ = {isa = PBXBuildFile; fileRef = 7A89C8B41F1A7F5A001ACFBA /* Quick.framework */; settings = {ATTRIBUTES = (CodeSignOnCopy, RemoveHeadersOnCopy, ); }; };
		7A9628741F6DC13F0048CEB2 /* CryptoSwift.framework in CopyFiles */ = {isa = PBXBuildFile; fileRef = 7A5D04501EFDA62A0020E057 /* CryptoSwift.framework */; settings = {ATTRIBUTES = (CodeSignOnCopy, RemoveHeadersOnCopy, ); }; };
		7A9628751F6DC13F0048CEB2 /* ReactiveSwift.framework in CopyFiles */ = {isa = PBXBuildFile; fileRef = 7AB7C85E1EFD8D140088F55D /* ReactiveSwift.framework */; settings = {ATTRIBUTES = (CodeSignOnCopy, RemoveHeadersOnCopy, ); }; };
		7A9628761F6DC13F0048CEB2 /* Result.framework in CopyFiles */ = {isa = PBXBuildFile; fileRef = 7AB7C8601EFD8D140088F55D /* Result.framework */; settings = {ATTRIBUTES = (CodeSignOnCopy, RemoveHeadersOnCopy, ); }; };
		7A9628771F6DC1570048CEB2 /* Nimble.framework in Frameworks */ = {isa = PBXBuildFile; fileRef = 7A89C8B51F1A7F5A001ACFBA /* Nimble.framework */; };
		7A9628781F6DC1570048CEB2 /* Quick.framework in Frameworks */ = {isa = PBXBuildFile; fileRef = 7A89C8B41F1A7F5A001ACFBA /* Quick.framework */; };
		7A96287A1F6DC1FC0048CEB2 /* AutoInterface.generated.swift in Sources */ = {isa = PBXBuildFile; fileRef = 7AC117C01F29740D004B0711 /* AutoInterface.generated.swift */; };
		7A96287B1F6DC1FC0048CEB2 /* AutoEquatable.generated.swift in Sources */ = {isa = PBXBuildFile; fileRef = 7A8866201F1846DD000668BF /* AutoEquatable.generated.swift */; };
		7A96287C1F6DC1FC0048CEB2 /* AutoHashable.generated.swift in Sources */ = {isa = PBXBuildFile; fileRef = 7A88661F1F1846DD000668BF /* AutoHashable.generated.swift */; };
		7A96287E1F6DC29C0048CEB2 /* ReactiveSwift.framework in Frameworks */ = {isa = PBXBuildFile; fileRef = 7AB7C85E1EFD8D140088F55D /* ReactiveSwift.framework */; };
		7A96287F1F6DC29C0048CEB2 /* Result.framework in Frameworks */ = {isa = PBXBuildFile; fileRef = 7AB7C8601EFD8D140088F55D /* Result.framework */; };
		7AAF3BB71F6DC6D30072555E /* Sourcery.swift in Sources */ = {isa = PBXBuildFile; fileRef = 7AAF3BB61F6DC6D30072555E /* Sourcery.swift */; };
		7AAF3BBA1F6DC8CD0072555E /* BirdNest.framework in Frameworks */ = {isa = PBXBuildFile; fileRef = 7A9628341F6DBD8B0048CEB2 /* BirdNest.framework */; };
		7AAF3BBB1F6DC8CD0072555E /* BirdNest.framework in Embed Frameworks */ = {isa = PBXBuildFile; fileRef = 7A9628341F6DBD8B0048CEB2 /* BirdNest.framework */; settings = {ATTRIBUTES = (CodeSignOnCopy, RemoveHeadersOnCopy, ); }; };
		7AAF3BC31F6DC93A0072555E /* AutoEquatable.generated.swift in Sources */ = {isa = PBXBuildFile; fileRef = 7AAF3BBF1F6DC9390072555E /* AutoEquatable.generated.swift */; };
		7AAF3BC41F6DC93A0072555E /* AutoHashable.generated.swift in Sources */ = {isa = PBXBuildFile; fileRef = 7AAF3BC01F6DC9390072555E /* AutoHashable.generated.swift */; };
		7AAF3BC51F6DC93A0072555E /* AutoInterface.generated.swift in Sources */ = {isa = PBXBuildFile; fileRef = 7AAF3BC11F6DC9390072555E /* AutoInterface.generated.swift */; };
		7AAF3BC61F6DC93A0072555E /* AutoList.generated.swift in Sources */ = {isa = PBXBuildFile; fileRef = 7AAF3BC21F6DC9390072555E /* AutoList.generated.swift */; };
		7AAF3BC71F6F244B0072555E /* LocalStorage.swift in Sources */ = {isa = PBXBuildFile; fileRef = 7AFB50C91F3A72530057C384 /* LocalStorage.swift */; };
		7AAF3BC81F6F24540072555E /* Model.xcdatamodeld in Sources */ = {isa = PBXBuildFile; fileRef = 7AFB50C41F3A6FFE0057C384 /* Model.xcdatamodeld */; };
		7AAF3BC91F6F248F0072555E /* BirdNest.framework in Frameworks */ = {isa = PBXBuildFile; fileRef = 7A9628341F6DBD8B0048CEB2 /* BirdNest.framework */; };
		7AB7C8611EFD8D1B0088F55D /* ReactiveCocoa.framework in Frameworks */ = {isa = PBXBuildFile; fileRef = 7AB7C85F1EFD8D140088F55D /* ReactiveCocoa.framework */; };
		7AB7C8621EFD8D1B0088F55D /* ReactiveCocoa.framework in Embed Frameworks */ = {isa = PBXBuildFile; fileRef = 7AB7C85F1EFD8D140088F55D /* ReactiveCocoa.framework */; settings = {ATTRIBUTES = (CodeSignOnCopy, RemoveHeadersOnCopy, ); }; };
		7AB7C8631EFD8D1B0088F55D /* ReactiveSwift.framework in Frameworks */ = {isa = PBXBuildFile; fileRef = 7AB7C85E1EFD8D140088F55D /* ReactiveSwift.framework */; };
		7AB7C8641EFD8D1B0088F55D /* ReactiveSwift.framework in Embed Frameworks */ = {isa = PBXBuildFile; fileRef = 7AB7C85E1EFD8D140088F55D /* ReactiveSwift.framework */; settings = {ATTRIBUTES = (CodeSignOnCopy, RemoveHeadersOnCopy, ); }; };
		7AB7C8651EFD8D1B0088F55D /* Result.framework in Frameworks */ = {isa = PBXBuildFile; fileRef = 7AB7C8601EFD8D140088F55D /* Result.framework */; };
		7AB7C8661EFD8D1B0088F55D /* Result.framework in Embed Frameworks */ = {isa = PBXBuildFile; fileRef = 7AB7C8601EFD8D140088F55D /* Result.framework */; settings = {ATTRIBUTES = (CodeSignOnCopy, RemoveHeadersOnCopy, ); }; };
		7AD6DB631EFB549D00D2D50F /* AppDelegate.swift in Sources */ = {isa = PBXBuildFile; fileRef = 7AD6DB621EFB549D00D2D50F /* AppDelegate.swift */; };
		7AD6DB681EFB549D00D2D50F /* Main.storyboard in Resources */ = {isa = PBXBuildFile; fileRef = 7AD6DB661EFB549D00D2D50F /* Main.storyboard */; };
		7AD6DB6A1EFB549D00D2D50F /* Assets.xcassets in Resources */ = {isa = PBXBuildFile; fileRef = 7AD6DB691EFB549D00D2D50F /* Assets.xcassets */; };
		7AD6DB6D1EFB549D00D2D50F /* LaunchScreen.storyboard in Resources */ = {isa = PBXBuildFile; fileRef = 7AD6DB6B1EFB549D00D2D50F /* LaunchScreen.storyboard */; };
		7AD6DB831EFB549D00D2D50F /* LoopUITests.swift in Sources */ = {isa = PBXBuildFile; fileRef = 7AD6DB821EFB549D00D2D50F /* LoopUITests.swift */; };
		7AD6DBA71EFB54AF00D2D50F /* LoopKit.h in Headers */ = {isa = PBXBuildFile; fileRef = 7AD6DB971EFB54AF00D2D50F /* LoopKit.h */; settings = {ATTRIBUTES = (Public, ); }; };
		7AD6DBAA1EFB54AF00D2D50F /* LoopKit.framework in Frameworks */ = {isa = PBXBuildFile; fileRef = 7AD6DB951EFB54AF00D2D50F /* LoopKit.framework */; };
		7AD6DBAB1EFB54AF00D2D50F /* LoopKit.framework in Embed Frameworks */ = {isa = PBXBuildFile; fileRef = 7AD6DB951EFB54AF00D2D50F /* LoopKit.framework */; settings = {ATTRIBUTES = (CodeSignOnCopy, RemoveHeadersOnCopy, ); }; };
		7AD6DBB61EFB562000D2D50F /* Activity.swift in Sources */ = {isa = PBXBuildFile; fileRef = 7AD6DBB51EFB562000D2D50F /* Activity.swift */; };
		9390D181CDEA5AA103DD86FD /* QuartzCore.framework in Frameworks */ = {isa = PBXBuildFile; fileRef = 5372E0E42BCF07F45F6071B1 /* QuartzCore.framework */; };
		A01A20CE9DAFE20A27A93FAF /* CoreTelephony.framework in Frameworks */ = {isa = PBXBuildFile; fileRef = FAE26D277CE3B1E43F0F4CF3 /* CoreTelephony.framework */; };
		BCFC06C2AF0489824530BCA4 /* AssetsLibrary.framework in Frameworks */ = {isa = PBXBuildFile; fileRef = EBA3DE2B3CD51F15E84BF879 /* AssetsLibrary.framework */; };
		C229911ACC7E783A5A2ECB8A /* CoreVideo.framework in Frameworks */ = {isa = PBXBuildFile; fileRef = F9167CD3E1225315E38066BB /* CoreVideo.framework */; };
		EE541EC79E94006DACAEA482 /* CoreText.framework in Frameworks */ = {isa = PBXBuildFile; fileRef = 2707EF93EA9126BC103AEE2A /* CoreText.framework */; };
/* End PBXBuildFile section */

/* Begin PBXContainerItemProxy section */
		7A96283E1F6DBD8B0048CEB2 /* PBXContainerItemProxy */ = {
			isa = PBXContainerItemProxy;
			containerPortal = 7AD6DB571EFB549D00D2D50F /* Project object */;
			proxyType = 1;
			remoteGlobalIDString = 7A9628331F6DBD8B0048CEB2;
			remoteInfo = TwitterKit;
		};
		7AAF3BB81F6DC8BF0072555E /* PBXContainerItemProxy */ = {
			isa = PBXContainerItemProxy;
			containerPortal = 7AD6DB571EFB549D00D2D50F /* Project object */;
			proxyType = 1;
			remoteGlobalIDString = 7A9628331F6DBD8B0048CEB2;
			remoteInfo = BirdNest;
		};
		7AD6DB741EFB549D00D2D50F /* PBXContainerItemProxy */ = {
			isa = PBXContainerItemProxy;
			containerPortal = 7AD6DB571EFB549D00D2D50F /* Project object */;
			proxyType = 1;
			remoteGlobalIDString = 7AD6DB5E1EFB549D00D2D50F;
			remoteInfo = Loop;
		};
		7AD6DB7F1EFB549D00D2D50F /* PBXContainerItemProxy */ = {
			isa = PBXContainerItemProxy;
			containerPortal = 7AD6DB571EFB549D00D2D50F /* Project object */;
			proxyType = 1;
			remoteGlobalIDString = 7AD6DB5E1EFB549D00D2D50F;
			remoteInfo = Loop;
		};
		7AD6DBA81EFB54AF00D2D50F /* PBXContainerItemProxy */ = {
			isa = PBXContainerItemProxy;
			containerPortal = 7AD6DB571EFB549D00D2D50F /* Project object */;
			proxyType = 1;
			remoteGlobalIDString = 7AD6DB941EFB54AF00D2D50F;
			remoteInfo = LoopKit;
		};
/* End PBXContainerItemProxy section */

/* Begin PBXCopyFilesBuildPhase section */
		7A7A08B21F23A8930006EF3E /* CopyFiles */ = {
			isa = PBXCopyFilesBuildPhase;
			buildActionMask = 2147483647;
			dstPath = "";
			dstSubfolderSpec = 10;
			files = (
				7A7A08B31F23A89C0006EF3E /* Nimble.framework in CopyFiles */,
				7A7A08B41F23A89C0006EF3E /* Quick.framework in CopyFiles */,
			);
			runOnlyForDeploymentPostprocessing = 0;
		};
		7A96286F1F6DC1350048CEB2 /* CopyFiles */ = {
			isa = PBXCopyFilesBuildPhase;
			buildActionMask = 2147483647;
			dstPath = "";
			dstSubfolderSpec = 10;
			files = (
				7A9628701F6DC13F0048CEB2 /* KeychainSwift.framework in CopyFiles */,
				7A9628711F6DC13F0048CEB2 /* OHHTTPStubs.framework in CopyFiles */,
				7A9628721F6DC13F0048CEB2 /* Nimble.framework in CopyFiles */,
				7A9628731F6DC13F0048CEB2 /* Quick.framework in CopyFiles */,
				7A9628741F6DC13F0048CEB2 /* CryptoSwift.framework in CopyFiles */,
				7A9628751F6DC13F0048CEB2 /* ReactiveSwift.framework in CopyFiles */,
				7A9628761F6DC13F0048CEB2 /* Result.framework in CopyFiles */,
			);
			runOnlyForDeploymentPostprocessing = 0;
		};
		7AD6DBAF1EFB54AF00D2D50F /* Embed Frameworks */ = {
			isa = PBXCopyFilesBuildPhase;
			buildActionMask = 2147483647;
			dstPath = "";
			dstSubfolderSpec = 10;
			files = (
				7A46CBEE1F2198A700CD5E47 /* KeychainSwift.framework in Embed Frameworks */,
				7AD6DBAB1EFB54AF00D2D50F /* LoopKit.framework in Embed Frameworks */,
				7AB7C8621EFD8D1B0088F55D /* ReactiveCocoa.framework in Embed Frameworks */,
				7AB7C8641EFD8D1B0088F55D /* ReactiveSwift.framework in Embed Frameworks */,
				7A5D04561EFDA72B0020E057 /* CryptoSwift.framework in Embed Frameworks */,
				7AB7C8661EFD8D1B0088F55D /* Result.framework in Embed Frameworks */,
				7AAF3BBB1F6DC8CD0072555E /* BirdNest.framework in Embed Frameworks */,
			);
			name = "Embed Frameworks";
			runOnlyForDeploymentPostprocessing = 0;
		};
/* End PBXCopyFilesBuildPhase section */

/* Begin PBXFileReference section */
		1E924F97AA7FB8B92E93D2F8 /* CoreMedia.framework */ = {isa = PBXFileReference; lastKnownFileType = wrapper.framework; name = CoreMedia.framework; path = System/Library/Frameworks/CoreMedia.framework; sourceTree = SDKROOT; };
		2707EF93EA9126BC103AEE2A /* CoreText.framework */ = {isa = PBXFileReference; lastKnownFileType = wrapper.framework; name = CoreText.framework; path = System/Library/Frameworks/CoreText.framework; sourceTree = SDKROOT; };
		3CFF98EFE9DF2FC53E5D648D /* BuddyBuildSDK.framework */ = {isa = PBXFileReference; lastKnownFileType = wrapper.framework; path = BuddyBuildSDK.framework; sourceTree = "<group>"; };
		5372E0E42BCF07F45F6071B1 /* QuartzCore.framework */ = {isa = PBXFileReference; lastKnownFileType = wrapper.framework; name = QuartzCore.framework; path = System/Library/Frameworks/QuartzCore.framework; sourceTree = SDKROOT; };
		7857594DCF7A4E5A16429C3E /* AVFoundation.framework */ = {isa = PBXFileReference; lastKnownFileType = wrapper.framework; name = AVFoundation.framework; path = System/Library/Frameworks/AVFoundation.framework; sourceTree = SDKROOT; };
		7A093E5A1F455EB4009E73B0 /* Colors.swift */ = {isa = PBXFileReference; fileEncoding = 4; lastKnownFileType = sourcecode.swift; path = Colors.swift; sourceTree = "<group>"; };
		7A093E5C1F45634F009E73B0 /* Fonts.swift */ = {isa = PBXFileReference; fileEncoding = 4; lastKnownFileType = sourcecode.swift; path = Fonts.swift; sourceTree = "<group>"; };
		7A10F4D61EFDD7B6006EC7AB /* Clock.swift */ = {isa = PBXFileReference; lastKnownFileType = sourcecode.swift; path = Clock.swift; sourceTree = "<group>"; };
		7A10F4D81EFDD7C5006EC7AB /* TokenProvider.swift */ = {isa = PBXFileReference; lastKnownFileType = sourcecode.swift; path = TokenProvider.swift; sourceTree = "<group>"; };
		7A10F4DA1EFDD7E3006EC7AB /* Signature.swift */ = {isa = PBXFileReference; lastKnownFileType = sourcecode.swift; path = Signature.swift; sourceTree = "<group>"; };
		7A10F4DC1EFDD8D0006EC7AB /* Status.swift */ = {isa = PBXFileReference; lastKnownFileType = sourcecode.swift; path = Status.swift; sourceTree = "<group>"; };
		7A1806BD1F2826140036AB49 /* TwitterAuthenticationFlowSpec.swift */ = {isa = PBXFileReference; lastKnownFileType = sourcecode.swift; path = TwitterAuthenticationFlowSpec.swift; sourceTree = "<group>"; };
		7A21F9081F1A834B00A0F588 /* TwitterAuthorizationSpec.swift */ = {isa = PBXFileReference; lastKnownFileType = sourcecode.swift; path = TwitterAuthorizationSpec.swift; sourceTree = "<group>"; };
		7A21F90C1F1AE1B200A0F588 /* OHHTTPStubs.framework */ = {isa = PBXFileReference; lastKnownFileType = wrapper.framework; name = OHHTTPStubs.framework; path = Carthage/Build/iOS/OHHTTPStubs.framework; sourceTree = SOURCE_ROOT; };
		7A21F9131F1B067700A0F588 /* TokenResponseSpec.swift */ = {isa = PBXFileReference; lastKnownFileType = sourcecode.swift; path = TokenResponseSpec.swift; sourceTree = "<group>"; };
		7A2B85291F53171D00B287EF /* UIHelpers.swift */ = {isa = PBXFileReference; lastKnownFileType = sourcecode.swift; path = UIHelpers.swift; sourceTree = "<group>"; };
		7A2B852B1F53192300B287EF /* ListAllLeadsCoordinator.swift */ = {isa = PBXFileReference; lastKnownFileType = sourcecode.swift; path = ListAllLeadsCoordinator.swift; sourceTree = "<group>"; };
		7A2B852D1F531C8000B287EF /* ListLeadsViewController.swift */ = {isa = PBXFileReference; lastKnownFileType = sourcecode.swift; path = ListLeadsViewController.swift; sourceTree = "<group>"; };
		7A2B852F1F53262C00B287EF /* LeadCell.swift */ = {isa = PBXFileReference; lastKnownFileType = sourcecode.swift; path = LeadCell.swift; sourceTree = "<group>"; };
		7A3398101F300C0C00BFEE4A /* Keyboard.swift */ = {isa = PBXFileReference; lastKnownFileType = sourcecode.swift; path = Keyboard.swift; sourceTree = "<group>"; };
		7A403D1D1F2E49DD004A5476 /* UserCell.swift */ = {isa = PBXFileReference; lastKnownFileType = sourcecode.swift; path = UserCell.swift; sourceTree = "<group>"; };
		7A403D1F1F2E736C004A5476 /* SearchHeader.swift */ = {isa = PBXFileReference; lastKnownFileType = sourcecode.swift; path = SearchHeader.swift; sourceTree = "<group>"; };
		7A46CBE81F21757D00CD5E47 /* AccessTokenResponseSpec.swift */ = {isa = PBXFileReference; lastKnownFileType = sourcecode.swift; path = AccessTokenResponseSpec.swift; sourceTree = "<group>"; };
		7A46CBEA1F2195F400CD5E47 /* KeychainSwift.framework */ = {isa = PBXFileReference; lastKnownFileType = wrapper.framework; name = KeychainSwift.framework; path = Carthage/Build/iOS/KeychainSwift.framework; sourceTree = "<group>"; };
		7A46CBEC1F21978900CD5E47 /* Keys.swift */ = {isa = PBXFileReference; lastKnownFileType = sourcecode.swift; path = Keys.swift; sourceTree = "<group>"; };
		7A47C1191EFC824A00360F94 /* AddLeadView.swift */ = {isa = PBXFileReference; lastKnownFileType = sourcecode.swift; path = AddLeadView.swift; sourceTree = "<group>"; };
		7A47C11B1EFC824A00360F94 /* AddLeadViewController.swift */ = {isa = PBXFileReference; lastKnownFileType = sourcecode.swift; path = AddLeadViewController.swift; sourceTree = "<group>"; };
		7A47C11E1EFC826B00360F94 /* AddLeadCoordinator.swift */ = {isa = PBXFileReference; lastKnownFileType = sourcecode.swift; path = AddLeadCoordinator.swift; sourceTree = "<group>"; };
		7A47C11F1EFC826B00360F94 /* AppCoordinator.swift */ = {isa = PBXFileReference; lastKnownFileType = sourcecode.swift; path = AppCoordinator.swift; sourceTree = "<group>"; };
		7A47C1211EFC829700360F94 /* SourceSelector.swift */ = {isa = PBXFileReference; lastKnownFileType = sourcecode.swift; path = SourceSelector.swift; sourceTree = "<group>"; };
		7A4BC8C21F313A0300C2766E /* SelectActivityViewController.swift */ = {isa = PBXFileReference; lastKnownFileType = sourcecode.swift; path = SelectActivityViewController.swift; sourceTree = "<group>"; };
		7A4BC8C61F313F5700C2766E /* ActivityCell.swift */ = {isa = PBXFileReference; lastKnownFileType = sourcecode.swift; path = ActivityCell.swift; sourceTree = "<group>"; };
		7A5936FF1EFD54910011ED2E /* Assets.swift */ = {isa = PBXFileReference; lastKnownFileType = sourcecode.swift; path = Assets.swift; sourceTree = "<group>"; };
		7A5937001EFD54910011ED2E /* Storyboards.swift */ = {isa = PBXFileReference; lastKnownFileType = sourcecode.swift; path = Storyboards.swift; sourceTree = "<group>"; };
		7A5937211EFD58B90011ED2E /* Localizable.strings */ = {isa = PBXFileReference; lastKnownFileType = text.plist.strings; path = Localizable.strings; sourceTree = "<group>"; };
		7A5937231EFD59C70011ED2E /* I10N.swift */ = {isa = PBXFileReference; lastKnownFileType = sourcecode.swift; path = I10N.swift; sourceTree = "<group>"; };
		7A5D04501EFDA62A0020E057 /* CryptoSwift.framework */ = {isa = PBXFileReference; lastKnownFileType = wrapper.framework; name = CryptoSwift.framework; path = Carthage/Build/iOS/CryptoSwift.framework; sourceTree = "<group>"; };
		7A5DA7711EFD9C330013BF40 /* Twitter.swift */ = {isa = PBXFileReference; lastKnownFileType = sourcecode.swift; path = Twitter.swift; sourceTree = "<group>"; };
		7A5DA7751EFD9F350013BF40 /* TwitterTests.swift */ = {isa = PBXFileReference; lastKnownFileType = sourcecode.swift; path = TwitterTests.swift; sourceTree = "<group>"; };
		7A61974F1F16FEFF009ED947 /* SignatureSpec.swift */ = {isa = PBXFileReference; lastKnownFileType = sourcecode.swift; path = SignatureSpec.swift; sourceTree = "<group>"; };
		7A8390431F23B07B0010AA3F /* TwitterAuthenticationFlow.swift */ = {isa = PBXFileReference; lastKnownFileType = sourcecode.swift; path = TwitterAuthenticationFlow.swift; sourceTree = "<group>"; };
		7A8796EA1F39560900DA5D09 /* LeadConfirmationViewController.swift */ = {isa = PBXFileReference; lastKnownFileType = sourcecode.swift; path = LeadConfirmationViewController.swift; sourceTree = "<group>"; };
		7A8796EC1F39574800DA5D09 /* ActivityCell.xib */ = {isa = PBXFileReference; lastKnownFileType = file.xib; path = ActivityCell.xib; sourceTree = "<group>"; };
		7A88660A1F1825C0000668BF /* .gitkeep */ = {isa = PBXFileReference; lastKnownFileType = text; path = .gitkeep; sourceTree = "<group>"; };
		7A88660B1F1825C0000668BF /* Identifiable.swift */ = {isa = PBXFileReference; lastKnownFileType = sourcecode.swift; path = Identifiable.swift; sourceTree = "<group>"; };
		7A88660C1F1825C0000668BF /* TwitterUser.swift */ = {isa = PBXFileReference; lastKnownFileType = sourcecode.swift; path = TwitterUser.swift; sourceTree = "<group>"; };
		7A88660D1F1825C0000668BF /* BodyDecodable.swift */ = {isa = PBXFileReference; lastKnownFileType = sourcecode.swift; path = BodyDecodable.swift; sourceTree = "<group>"; };
		7A88660E1F1825C0000668BF /* Sourcery.swift */ = {isa = PBXFileReference; lastKnownFileType = sourcecode.swift; path = Sourcery.swift; sourceTree = "<group>"; };
		7A88660F1F1825CE000668BF /* Fixture.swift */ = {isa = PBXFileReference; lastKnownFileType = sourcecode.swift; path = Fixture.swift; sourceTree = "<group>"; };
		7A8866121F1825CE000668BF /* TokenResponseTests.swift */ = {isa = PBXFileReference; lastKnownFileType = sourcecode.swift; path = TokenResponseTests.swift; sourceTree = "<group>"; };
		7A8866131F1825CE000668BF /* TwitterUserTests.swift */ = {isa = PBXFileReference; lastKnownFileType = sourcecode.swift; path = TwitterUserTests.swift; sourceTree = "<group>"; };
		7A88661E1F184406000668BF /* GET-users-search-json-q-Twitter-API-page-1-count-20.json */ = {isa = PBXFileReference; lastKnownFileType = text.json; path = "GET-users-search-json-q-Twitter-API-page-1-count-20.json"; sourceTree = "<group>"; };
		7A88661F1F1846DD000668BF /* AutoHashable.generated.swift */ = {isa = PBXFileReference; lastKnownFileType = sourcecode.swift; path = AutoHashable.generated.swift; sourceTree = "<group>"; };
		7A8866201F1846DD000668BF /* AutoEquatable.generated.swift */ = {isa = PBXFileReference; lastKnownFileType = sourcecode.swift; path = AutoEquatable.generated.swift; sourceTree = "<group>"; };
		7A89C8B01F1A77D5001ACFBA /* TokenResponse.swift */ = {isa = PBXFileReference; lastKnownFileType = sourcecode.swift; path = TokenResponse.swift; sourceTree = "<group>"; };
		7A89C8B41F1A7F5A001ACFBA /* Quick.framework */ = {isa = PBXFileReference; lastKnownFileType = wrapper.framework; name = Quick.framework; path = Carthage/Build/iOS/Quick.framework; sourceTree = SOURCE_ROOT; };
		7A89C8B51F1A7F5A001ACFBA /* Nimble.framework */ = {isa = PBXFileReference; lastKnownFileType = wrapper.framework; name = Nimble.framework; path = Carthage/Build/iOS/Nimble.framework; sourceTree = SOURCE_ROOT; };
		7A9628341F6DBD8B0048CEB2 /* BirdNest.framework */ = {isa = PBXFileReference; explicitFileType = wrapper.framework; includeInIndex = 0; path = BirdNest.framework; sourceTree = BUILT_PRODUCTS_DIR; };
		7A9628361F6DBD8B0048CEB2 /* TwitterKit.h */ = {isa = PBXFileReference; lastKnownFileType = sourcecode.c.h; path = TwitterKit.h; sourceTree = "<group>"; };
		7A9628371F6DBD8B0048CEB2 /* Info.plist */ = {isa = PBXFileReference; lastKnownFileType = text.plist.xml; path = Info.plist; sourceTree = "<group>"; };
		7A96283C1F6DBD8B0048CEB2 /* BirdNestTests.xctest */ = {isa = PBXFileReference; explicitFileType = wrapper.cfbundle; includeInIndex = 0; path = BirdNestTests.xctest; sourceTree = BUILT_PRODUCTS_DIR; };
		7A9628431F6DBD8B0048CEB2 /* Info.plist */ = {isa = PBXFileReference; lastKnownFileType = text.plist.xml; path = Info.plist; sourceTree = "<group>"; };
		7A96284E1F6DBDD50048CEB2 /* TwitterAuthorization.swift */ = {isa = PBXFileReference; fileEncoding = 4; lastKnownFileType = sourcecode.swift; path = TwitterAuthorization.swift; sourceTree = "<group>"; };
		7A96284F1F6DBDD50048CEB2 /* Encoding.swift */ = {isa = PBXFileReference; fileEncoding = 4; lastKnownFileType = sourcecode.swift; path = Encoding.swift; sourceTree = "<group>"; };
		7A9628501F6DBDD50048CEB2 /* AccessTokenResponse.swift */ = {isa = PBXFileReference; fileEncoding = 4; lastKnownFileType = sourcecode.swift; path = AccessTokenResponse.swift; sourceTree = "<group>"; };
		7AAF3BB61F6DC6D30072555E /* Sourcery.swift */ = {isa = PBXFileReference; lastKnownFileType = sourcecode.swift; path = Sourcery.swift; sourceTree = "<group>"; };
		7AAF3BBF1F6DC9390072555E /* AutoEquatable.generated.swift */ = {isa = PBXFileReference; fileEncoding = 4; lastKnownFileType = sourcecode.swift; path = AutoEquatable.generated.swift; sourceTree = "<group>"; };
		7AAF3BC01F6DC9390072555E /* AutoHashable.generated.swift */ = {isa = PBXFileReference; fileEncoding = 4; lastKnownFileType = sourcecode.swift; path = AutoHashable.generated.swift; sourceTree = "<group>"; };
		7AAF3BC11F6DC9390072555E /* AutoInterface.generated.swift */ = {isa = PBXFileReference; fileEncoding = 4; lastKnownFileType = sourcecode.swift; path = AutoInterface.generated.swift; sourceTree = "<group>"; };
		7AAF3BC21F6DC9390072555E /* AutoList.generated.swift */ = {isa = PBXFileReference; fileEncoding = 4; lastKnownFileType = sourcecode.swift; path = AutoList.generated.swift; sourceTree = "<group>"; };
		7AB7C84F1EFD63880088F55D /* SourceSansPro-SemiBoldItalic.ttf */ = {isa = PBXFileReference; lastKnownFileType = file; path = "SourceSansPro-SemiBoldItalic.ttf"; sourceTree = "<group>"; };
		7AB7C8501EFD63880088F55D /* SourceSansPro-Black.ttf */ = {isa = PBXFileReference; lastKnownFileType = file; path = "SourceSansPro-Black.ttf"; sourceTree = "<group>"; };
		7AB7C8511EFD63880088F55D /* SourceSansPro-ExtraLightItalic.ttf */ = {isa = PBXFileReference; lastKnownFileType = file; path = "SourceSansPro-ExtraLightItalic.ttf"; sourceTree = "<group>"; };
		7AB7C8521EFD63880088F55D /* SourceSansPro-Regular.ttf */ = {isa = PBXFileReference; lastKnownFileType = file; path = "SourceSansPro-Regular.ttf"; sourceTree = "<group>"; };
		7AB7C8531EFD63880088F55D /* SourceSansPro-Bold.ttf */ = {isa = PBXFileReference; lastKnownFileType = file; path = "SourceSansPro-Bold.ttf"; sourceTree = "<group>"; };
		7AB7C8541EFD63880088F55D /* SourceSansPro-BoldItalic.ttf */ = {isa = PBXFileReference; lastKnownFileType = file; path = "SourceSansPro-BoldItalic.ttf"; sourceTree = "<group>"; };
		7AB7C8551EFD63880088F55D /* SourceSansPro-Light.ttf */ = {isa = PBXFileReference; lastKnownFileType = file; path = "SourceSansPro-Light.ttf"; sourceTree = "<group>"; };
		7AB7C8561EFD63880088F55D /* SourceSansPro-LightItalic.ttf */ = {isa = PBXFileReference; lastKnownFileType = file; path = "SourceSansPro-LightItalic.ttf"; sourceTree = "<group>"; };
		7AB7C8571EFD63880088F55D /* SourceSansPro-BlackItalic.ttf */ = {isa = PBXFileReference; lastKnownFileType = file; path = "SourceSansPro-BlackItalic.ttf"; sourceTree = "<group>"; };
		7AB7C8581EFD63880088F55D /* SourceSansPro-ExtraLight.ttf */ = {isa = PBXFileReference; lastKnownFileType = file; path = "SourceSansPro-ExtraLight.ttf"; sourceTree = "<group>"; };
		7AB7C8591EFD63880088F55D /* SourceSansPro-SemiBold.ttf */ = {isa = PBXFileReference; lastKnownFileType = file; path = "SourceSansPro-SemiBold.ttf"; sourceTree = "<group>"; };
		7AB7C85A1EFD63880088F55D /* SourceSansPro-Italic.ttf */ = {isa = PBXFileReference; lastKnownFileType = file; path = "SourceSansPro-Italic.ttf"; sourceTree = "<group>"; };
		7AB7C85E1EFD8D140088F55D /* ReactiveSwift.framework */ = {isa = PBXFileReference; lastKnownFileType = wrapper.framework; name = ReactiveSwift.framework; path = Carthage/Build/iOS/ReactiveSwift.framework; sourceTree = "<group>"; };
		7AB7C85F1EFD8D140088F55D /* ReactiveCocoa.framework */ = {isa = PBXFileReference; lastKnownFileType = wrapper.framework; name = ReactiveCocoa.framework; path = Carthage/Build/iOS/ReactiveCocoa.framework; sourceTree = "<group>"; };
		7AB7C8601EFD8D140088F55D /* Result.framework */ = {isa = PBXFileReference; lastKnownFileType = wrapper.framework; name = Result.framework; path = Carthage/Build/iOS/Result.framework; sourceTree = "<group>"; };
		7AC117C01F29740D004B0711 /* AutoInterface.generated.swift */ = {isa = PBXFileReference; fileEncoding = 4; lastKnownFileType = sourcecode.swift; path = AutoInterface.generated.swift; sourceTree = "<group>"; };
		7AC64E5D1EFF12FF006B15E4 /* EncodingTests.swift */ = {isa = PBXFileReference; lastKnownFileType = sourcecode.swift; path = EncodingTests.swift; sourceTree = "<group>"; };
		7AC64E5F1EFFF05A006B15E4 /* RequestTests.swift */ = {isa = PBXFileReference; lastKnownFileType = sourcecode.swift; path = RequestTests.swift; sourceTree = "<group>"; };
		7AD6DB5F1EFB549D00D2D50F /* Loop.app */ = {isa = PBXFileReference; explicitFileType = wrapper.application; includeInIndex = 0; path = Loop.app; sourceTree = BUILT_PRODUCTS_DIR; };
		7AD6DB621EFB549D00D2D50F /* AppDelegate.swift */ = {isa = PBXFileReference; lastKnownFileType = sourcecode.swift; path = AppDelegate.swift; sourceTree = "<group>"; };
		7AD6DB671EFB549D00D2D50F /* Base */ = {isa = PBXFileReference; lastKnownFileType = file.storyboard; name = Base; path = Base.lproj/Main.storyboard; sourceTree = "<group>"; };
		7AD6DB691EFB549D00D2D50F /* Assets.xcassets */ = {isa = PBXFileReference; lastKnownFileType = folder.assetcatalog; path = Assets.xcassets; sourceTree = "<group>"; };
		7AD6DB6C1EFB549D00D2D50F /* Base */ = {isa = PBXFileReference; lastKnownFileType = file.storyboard; name = Base; path = Base.lproj/LaunchScreen.storyboard; sourceTree = "<group>"; };
		7AD6DB6E1EFB549D00D2D50F /* Info.plist */ = {isa = PBXFileReference; lastKnownFileType = text.plist.xml; path = Info.plist; sourceTree = "<group>"; };
		7AD6DB731EFB549D00D2D50F /* LoopTests.xctest */ = {isa = PBXFileReference; explicitFileType = wrapper.cfbundle; includeInIndex = 0; path = LoopTests.xctest; sourceTree = BUILT_PRODUCTS_DIR; };
		7AD6DB791EFB549D00D2D50F /* Info.plist */ = {isa = PBXFileReference; lastKnownFileType = text.plist.xml; path = Info.plist; sourceTree = "<group>"; };
		7AD6DB7E1EFB549D00D2D50F /* LoopUITests.xctest */ = {isa = PBXFileReference; explicitFileType = wrapper.cfbundle; includeInIndex = 0; path = LoopUITests.xctest; sourceTree = BUILT_PRODUCTS_DIR; };
		7AD6DB821EFB549D00D2D50F /* LoopUITests.swift */ = {isa = PBXFileReference; lastKnownFileType = sourcecode.swift; path = LoopUITests.swift; sourceTree = "<group>"; };
		7AD6DB841EFB549D00D2D50F /* Info.plist */ = {isa = PBXFileReference; lastKnownFileType = text.plist.xml; path = Info.plist; sourceTree = "<group>"; };
		7AD6DB951EFB54AF00D2D50F /* LoopKit.framework */ = {isa = PBXFileReference; explicitFileType = wrapper.framework; includeInIndex = 0; path = LoopKit.framework; sourceTree = BUILT_PRODUCTS_DIR; };
		7AD6DB971EFB54AF00D2D50F /* LoopKit.h */ = {isa = PBXFileReference; lastKnownFileType = sourcecode.c.h; path = LoopKit.h; sourceTree = "<group>"; };
		7AD6DB981EFB54AF00D2D50F /* Info.plist */ = {isa = PBXFileReference; lastKnownFileType = text.plist.xml; path = Info.plist; sourceTree = "<group>"; };
		7AD6DBB51EFB562000D2D50F /* Activity.swift */ = {isa = PBXFileReference; lastKnownFileType = sourcecode.swift; path = Activity.swift; sourceTree = "<group>"; };
		7AFB50C51F3A6FFE0057C384 /* Model.xcdatamodel */ = {isa = PBXFileReference; lastKnownFileType = wrapper.xcdatamodel; path = Model.xcdatamodel; sourceTree = "<group>"; };
		7AFB50C91F3A72530057C384 /* LocalStorage.swift */ = {isa = PBXFileReference; lastKnownFileType = sourcecode.swift; path = LocalStorage.swift; sourceTree = "<group>"; };
		8614704B9D58F6D14BB7E206 /* Bridging-Header.h */ = {isa = PBXFileReference; includeInIndex = 1; lastKnownFileType = sourcecode.c.h; path = "Bridging-Header.h"; sourceTree = "<group>"; };
		98CBA26AB3D47FE96EF433E8 /* SystemConfiguration.framework */ = {isa = PBXFileReference; lastKnownFileType = wrapper.framework; name = SystemConfiguration.framework; path = System/Library/Frameworks/SystemConfiguration.framework; sourceTree = SDKROOT; };
		EBA3DE2B3CD51F15E84BF879 /* AssetsLibrary.framework */ = {isa = PBXFileReference; lastKnownFileType = wrapper.framework; name = AssetsLibrary.framework; path = System/Library/Frameworks/AssetsLibrary.framework; sourceTree = SDKROOT; };
		F9167CD3E1225315E38066BB /* CoreVideo.framework */ = {isa = PBXFileReference; lastKnownFileType = wrapper.framework; name = CoreVideo.framework; path = System/Library/Frameworks/CoreVideo.framework; sourceTree = SDKROOT; };
		FAE26D277CE3B1E43F0F4CF3 /* CoreTelephony.framework */ = {isa = PBXFileReference; lastKnownFileType = wrapper.framework; name = CoreTelephony.framework; path = System/Library/Frameworks/CoreTelephony.framework; sourceTree = SDKROOT; };
/* End PBXFileReference section */

/* Begin PBXFrameworksBuildPhase section */
		7A9628301F6DBD8B0048CEB2 /* Frameworks */ = {
			isa = PBXFrameworksBuildPhase;
			buildActionMask = 2147483647;
			files = (
				7A9628611F6DBFCE0048CEB2 /* ReactiveSwift.framework in Frameworks */,
				7A9628631F6DBFD30048CEB2 /* CryptoSwift.framework in Frameworks */,
				7A9628621F6DBFCE0048CEB2 /* Result.framework in Frameworks */,
			);
			runOnlyForDeploymentPostprocessing = 0;
		};
		7A9628391F6DBD8B0048CEB2 /* Frameworks */ = {
			isa = PBXFrameworksBuildPhase;
			buildActionMask = 2147483647;
			files = (
				7A96283D1F6DBD8B0048CEB2 /* BirdNest.framework in Frameworks */,
				7A9628771F6DC1570048CEB2 /* Nimble.framework in Frameworks */,
				7A96287E1F6DC29C0048CEB2 /* ReactiveSwift.framework in Frameworks */,
				7A96287F1F6DC29C0048CEB2 /* Result.framework in Frameworks */,
				7A9628781F6DC1570048CEB2 /* Quick.framework in Frameworks */,
			);
			runOnlyForDeploymentPostprocessing = 0;
		};
		7AD6DB5C1EFB549D00D2D50F /* Frameworks */ = {
			isa = PBXFrameworksBuildPhase;
			buildActionMask = 2147483647;
			files = (
				7A46CBEB1F2195F400CD5E47 /* KeychainSwift.framework in Frameworks */,
				7AD6DBAA1EFB54AF00D2D50F /* LoopKit.framework in Frameworks */,
				7AB7C8611EFD8D1B0088F55D /* ReactiveCocoa.framework in Frameworks */,
				7AB7C8631EFD8D1B0088F55D /* ReactiveSwift.framework in Frameworks */,
				7A5D04551EFDA72B0020E057 /* CryptoSwift.framework in Frameworks */,
				7AB7C8651EFD8D1B0088F55D /* Result.framework in Frameworks */,
				69D73FFCA4D55FFDF3BEB1EF /* BuddyBuildSDK.framework in Frameworks */,
				BCFC06C2AF0489824530BCA4 /* AssetsLibrary.framework in Frameworks */,
				EE541EC79E94006DACAEA482 /* CoreText.framework in Frameworks */,
				7AAF3BBA1F6DC8CD0072555E /* BirdNest.framework in Frameworks */,
				A01A20CE9DAFE20A27A93FAF /* CoreTelephony.framework in Frameworks */,
				22ADBF4394FBCF303594DEBA /* SystemConfiguration.framework in Frameworks */,
				9390D181CDEA5AA103DD86FD /* QuartzCore.framework in Frameworks */,
				5880C33C6C6240FD9910856A /* AVFoundation.framework in Frameworks */,
				5E6EAE38F9E78488744604F7 /* CoreMedia.framework in Frameworks */,
				C229911ACC7E783A5A2ECB8A /* CoreVideo.framework in Frameworks */,
			);
			runOnlyForDeploymentPostprocessing = 0;
		};
		7AD6DB701EFB549D00D2D50F /* Frameworks */ = {
			isa = PBXFrameworksBuildPhase;
			buildActionMask = 2147483647;
			files = (
				7A7A08B01F23A8400006EF3E /* Nimble.framework in Frameworks */,
				7A7A08B11F23A8400006EF3E /* Quick.framework in Frameworks */,
			);
			runOnlyForDeploymentPostprocessing = 0;
		};
		7AD6DB7B1EFB549D00D2D50F /* Frameworks */ = {
			isa = PBXFrameworksBuildPhase;
			buildActionMask = 2147483647;
			files = (
			);
			runOnlyForDeploymentPostprocessing = 0;
		};
		7AD6DB911EFB54AF00D2D50F /* Frameworks */ = {
			isa = PBXFrameworksBuildPhase;
			buildActionMask = 2147483647;
			files = (
				7AAF3BC91F6F248F0072555E /* BirdNest.framework in Frameworks */,
				7A5D04511EFDA64F0020E057 /* CryptoSwift.framework in Frameworks */,
			);
			runOnlyForDeploymentPostprocessing = 0;
		};
/* End PBXFrameworksBuildPhase section */

/* Begin PBXGroup section */
		62A99B3490CAD828AC2F6778 /* Frameworks */ = {
			isa = PBXGroup;
			children = (
				3CFF98EFE9DF2FC53E5D648D /* BuddyBuildSDK.framework */,
				EBA3DE2B3CD51F15E84BF879 /* AssetsLibrary.framework */,
				2707EF93EA9126BC103AEE2A /* CoreText.framework */,
				FAE26D277CE3B1E43F0F4CF3 /* CoreTelephony.framework */,
				98CBA26AB3D47FE96EF433E8 /* SystemConfiguration.framework */,
				5372E0E42BCF07F45F6071B1 /* QuartzCore.framework */,
				7857594DCF7A4E5A16429C3E /* AVFoundation.framework */,
				1E924F97AA7FB8B92E93D2F8 /* CoreMedia.framework */,
				F9167CD3E1225315E38066BB /* CoreVideo.framework */,
			);
			name = Frameworks;
			sourceTree = "<group>";
		};
		7A47C1171EFC824A00360F94 /* Views */ = {
			isa = PBXGroup;
			children = (
				7A47C1181EFC824A00360F94 /* Leads */,
				7A8796EC1F39574800DA5D09 /* ActivityCell.xib */,
			);
			path = Views;
			sourceTree = "<group>";
		};
		7A47C1181EFC824A00360F94 /* Leads */ = {
			isa = PBXGroup;
			children = (
				7A47C1191EFC824A00360F94 /* AddLeadView.swift */,
			);
			path = Leads;
			sourceTree = "<group>";
		};
		7A47C11A1EFC824A00360F94 /* ViewControllers */ = {
			isa = PBXGroup;
			children = (
				7A47C11B1EFC824A00360F94 /* AddLeadViewController.swift */,
				7A4BC8C21F313A0300C2766E /* SelectActivityViewController.swift */,
				7A8796EA1F39560900DA5D09 /* LeadConfirmationViewController.swift */,
				7A2B852D1F531C8000B287EF /* ListLeadsViewController.swift */,
			);
			path = ViewControllers;
			sourceTree = "<group>";
		};
		7A47C11D1EFC826B00360F94 /* Coordinators */ = {
			isa = PBXGroup;
			children = (
				7A47C11E1EFC826B00360F94 /* AddLeadCoordinator.swift */,
				7A47C11F1EFC826B00360F94 /* AppCoordinator.swift */,
				7A8390431F23B07B0010AA3F /* TwitterAuthenticationFlow.swift */,
				7A2B852B1F53192300B287EF /* ListAllLeadsCoordinator.swift */,
			);
			path = Coordinators;
			sourceTree = "<group>";
		};
		7A47C1201EFC828400360F94 /* Components */ = {
			isa = PBXGroup;
			children = (
				7A47C1211EFC829700360F94 /* SourceSelector.swift */,
				7A403D1D1F2E49DD004A5476 /* UserCell.swift */,
				7A403D1F1F2E736C004A5476 /* SearchHeader.swift */,
				7A4BC8C61F313F5700C2766E /* ActivityCell.swift */,
				7A2B852F1F53262C00B287EF /* LeadCell.swift */,
			);
			path = Components;
			sourceTree = "<group>";
		};
		7A5936FD1EFD54910011ED2E /* Generated */ = {
			isa = PBXGroup;
			children = (
				7A093E5C1F45634F009E73B0 /* Fonts.swift */,
				7A093E5A1F455EB4009E73B0 /* Colors.swift */,
				7A5937231EFD59C70011ED2E /* I10N.swift */,
				7A5936FF1EFD54910011ED2E /* Assets.swift */,
				7A5937001EFD54910011ED2E /* Storyboards.swift */,
			);
			path = Generated;
			sourceTree = "<group>";
		};
		7A5937031EFD550A0011ED2E /* Assets */ = {
			isa = PBXGroup;
			children = (
				7A5937041EFD551C0011ED2E /* Fonts */,
				7A5937211EFD58B90011ED2E /* Localizable.strings */,
			);
			path = Assets;
			sourceTree = "<group>";
		};
		7A5937041EFD551C0011ED2E /* Fonts */ = {
			isa = PBXGroup;
			children = (
				7AB7C8501EFD63880088F55D /* SourceSansPro-Black.ttf */,
				7AB7C8571EFD63880088F55D /* SourceSansPro-BlackItalic.ttf */,
				7AB7C8531EFD63880088F55D /* SourceSansPro-Bold.ttf */,
				7AB7C8541EFD63880088F55D /* SourceSansPro-BoldItalic.ttf */,
				7AB7C8581EFD63880088F55D /* SourceSansPro-ExtraLight.ttf */,
				7AB7C8511EFD63880088F55D /* SourceSansPro-ExtraLightItalic.ttf */,
				7AB7C85A1EFD63880088F55D /* SourceSansPro-Italic.ttf */,
				7AB7C8551EFD63880088F55D /* SourceSansPro-Light.ttf */,
				7AB7C8561EFD63880088F55D /* SourceSansPro-LightItalic.ttf */,
				7AB7C8521EFD63880088F55D /* SourceSansPro-Regular.ttf */,
				7AB7C8591EFD63880088F55D /* SourceSansPro-SemiBold.ttf */,
				7AB7C84F1EFD63880088F55D /* SourceSansPro-SemiBoldItalic.ttf */,
			);
			path = Fonts;
			sourceTree = "<group>";
		};
		7A8866091F1825C0000668BF /* Generated */ = {
			isa = PBXGroup;
			children = (
				7AC117C01F29740D004B0711 /* AutoInterface.generated.swift */,
				7A8866201F1846DD000668BF /* AutoEquatable.generated.swift */,
				7A88661F1F1846DD000668BF /* AutoHashable.generated.swift */,
				7A88660A1F1825C0000668BF /* .gitkeep */,
			);
			path = Generated;
			sourceTree = "<group>";
		};
		7A88661D1F184406000668BF /* Fixtures */ = {
			isa = PBXGroup;
			children = (
				7A88661E1F184406000668BF /* GET-users-search-json-q-Twitter-API-page-1-count-20.json */,
			);
			path = Fixtures;
			sourceTree = "<group>";
		};
		7A9628351F6DBD8B0048CEB2 /* BirdNest */ = {
			isa = PBXGroup;
			children = (
				7AAF3BB51F6DC58B0072555E /* Sources */,
				7A8866091F1825C0000668BF /* Generated */,
				7A9628361F6DBD8B0048CEB2 /* TwitterKit.h */,
				7A9628371F6DBD8B0048CEB2 /* Info.plist */,
			);
			path = BirdNest;
			sourceTree = "<group>";
		};
		7A9628401F6DBD8B0048CEB2 /* BirdNestTests */ = {
			isa = PBXGroup;
			children = (
				7A88661D1F184406000668BF /* Fixtures */,
				7A88660F1F1825CE000668BF /* Fixture.swift */,
				7A8866121F1825CE000668BF /* TokenResponseTests.swift */,
				7A8866131F1825CE000668BF /* TwitterUserTests.swift */,
				7A5DA7751EFD9F350013BF40 /* TwitterTests.swift */,
				7AC64E5D1EFF12FF006B15E4 /* EncodingTests.swift */,
				7AC64E5F1EFFF05A006B15E4 /* RequestTests.swift */,
				7A61974F1F16FEFF009ED947 /* SignatureSpec.swift */,
				7A21F9081F1A834B00A0F588 /* TwitterAuthorizationSpec.swift */,
				7A21F9131F1B067700A0F588 /* TokenResponseSpec.swift */,
				7A46CBE81F21757D00CD5E47 /* AccessTokenResponseSpec.swift */,
				7A9628431F6DBD8B0048CEB2 /* Info.plist */,
			);
			path = BirdNestTests;
			sourceTree = "<group>";
		};
		7AAF3BB51F6DC58B0072555E /* Sources */ = {
			isa = PBXGroup;
			children = (
				7A10F4D61EFDD7B6006EC7AB /* Clock.swift */,
				7A96284F1F6DBDD50048CEB2 /* Encoding.swift */,
				7A88660D1F1825C0000668BF /* BodyDecodable.swift */,
				7A9628501F6DBDD50048CEB2 /* AccessTokenResponse.swift */,
				7A88660B1F1825C0000668BF /* Identifiable.swift */,
				7A10F4DA1EFDD7E3006EC7AB /* Signature.swift */,
				7A88660E1F1825C0000668BF /* Sourcery.swift */,
				7A10F4DC1EFDD8D0006EC7AB /* Status.swift */,
				7A10F4D81EFDD7C5006EC7AB /* TokenProvider.swift */,
				7A89C8B01F1A77D5001ACFBA /* TokenResponse.swift */,
				7A5DA7711EFD9C330013BF40 /* Twitter.swift */,
				7A96284E1F6DBDD50048CEB2 /* TwitterAuthorization.swift */,
				7A88660C1F1825C0000668BF /* TwitterUser.swift */,
			);
			path = Sources;
			sourceTree = "<group>";
		};
		7AAF3BBC1F6DC8FA0072555E /* Sources */ = {
			isa = PBXGroup;
			children = (
				7AD6DBB51EFB562000D2D50F /* Activity.swift */,
				7AAF3BB61F6DC6D30072555E /* Sourcery.swift */,
			);
			path = Sources;
			sourceTree = "<group>";
		};
		7AAF3BBE1F6DC9390072555E /* Generated */ = {
			isa = PBXGroup;
			children = (
				7AAF3BBF1F6DC9390072555E /* AutoEquatable.generated.swift */,
				7AAF3BC01F6DC9390072555E /* AutoHashable.generated.swift */,
				7AAF3BC11F6DC9390072555E /* AutoInterface.generated.swift */,
				7AAF3BC21F6DC9390072555E /* AutoList.generated.swift */,
			);
			path = Generated;
			sourceTree = "<group>";
		};
		7AD6DB561EFB549D00D2D50F = {
			isa = PBXGroup;
			children = (
				7A46CBEA1F2195F400CD5E47 /* KeychainSwift.framework */,
				7A21F90C1F1AE1B200A0F588 /* OHHTTPStubs.framework */,
				7A89C8B51F1A7F5A001ACFBA /* Nimble.framework */,
				7A89C8B41F1A7F5A001ACFBA /* Quick.framework */,
				7A5D04501EFDA62A0020E057 /* CryptoSwift.framework */,
				7AB7C85F1EFD8D140088F55D /* ReactiveCocoa.framework */,
				7AB7C85E1EFD8D140088F55D /* ReactiveSwift.framework */,
				7AB7C8601EFD8D140088F55D /* Result.framework */,
				7AD6DB611EFB549D00D2D50F /* Loop */,
				7AD6DB761EFB549D00D2D50F /* LoopTests */,
				7AD6DB811EFB549D00D2D50F /* LoopUITests */,
				7AD6DB961EFB54AF00D2D50F /* LoopKit */,
				7A9628351F6DBD8B0048CEB2 /* BirdNest */,
				7A9628401F6DBD8B0048CEB2 /* BirdNestTests */,
				7AD6DB601EFB549D00D2D50F /* Products */,
				62A99B3490CAD828AC2F6778 /* Frameworks */,
				8614704B9D58F6D14BB7E206 /* Bridging-Header.h */,
			);
			sourceTree = "<group>";
		};
		7AD6DB601EFB549D00D2D50F /* Products */ = {
			isa = PBXGroup;
			children = (
				7AD6DB5F1EFB549D00D2D50F /* Loop.app */,
				7AD6DB731EFB549D00D2D50F /* LoopTests.xctest */,
				7AD6DB7E1EFB549D00D2D50F /* LoopUITests.xctest */,
				7AD6DB951EFB54AF00D2D50F /* LoopKit.framework */,
				7A9628341F6DBD8B0048CEB2 /* BirdNest.framework */,
				7A96283C1F6DBD8B0048CEB2 /* BirdNestTests.xctest */,
			);
			name = Products;
			sourceTree = "<group>";
		};
		7AD6DB611EFB549D00D2D50F /* Loop */ = {
			isa = PBXGroup;
			children = (
				7A5937031EFD550A0011ED2E /* Assets */,
				7A5936FD1EFD54910011ED2E /* Generated */,
				7A47C1201EFC828400360F94 /* Components */,
				7A47C11D1EFC826B00360F94 /* Coordinators */,
				7A47C11A1EFC824A00360F94 /* ViewControllers */,
				7A47C1171EFC824A00360F94 /* Views */,
				7AD6DB621EFB549D00D2D50F /* AppDelegate.swift */,
				7AD6DB661EFB549D00D2D50F /* Main.storyboard */,
				7AD6DB691EFB549D00D2D50F /* Assets.xcassets */,
				7AD6DB6B1EFB549D00D2D50F /* LaunchScreen.storyboard */,
				7AD6DB6E1EFB549D00D2D50F /* Info.plist */,
				7A46CBEC1F21978900CD5E47 /* Keys.swift */,
				7A3398101F300C0C00BFEE4A /* Keyboard.swift */,
				7A2B85291F53171D00B287EF /* UIHelpers.swift */,
			);
			path = Loop;
			sourceTree = "<group>";
		};
		7AD6DB761EFB549D00D2D50F /* LoopTests */ = {
			isa = PBXGroup;
			children = (
				7AD6DB791EFB549D00D2D50F /* Info.plist */,
				7A1806BD1F2826140036AB49 /* TwitterAuthenticationFlowSpec.swift */,
			);
			path = LoopTests;
			sourceTree = "<group>";
		};
		7AD6DB811EFB549D00D2D50F /* LoopUITests */ = {
			isa = PBXGroup;
			children = (
				7AD6DB821EFB549D00D2D50F /* LoopUITests.swift */,
				7AD6DB841EFB549D00D2D50F /* Info.plist */,
			);
			path = LoopUITests;
			sourceTree = "<group>";
		};
		7AD6DB961EFB54AF00D2D50F /* LoopKit */ = {
			isa = PBXGroup;
			children = (
				7AFB50C81F3A72470057C384 /* Storage */,
				7AFB50C41F3A6FFE0057C384 /* Model.xcdatamodeld */,
				7AAF3BBE1F6DC9390072555E /* Generated */,
				7AAF3BBC1F6DC8FA0072555E /* Sources */,
				7AD6DB981EFB54AF00D2D50F /* Info.plist */,
				7AD6DB971EFB54AF00D2D50F /* LoopKit.h */,
			);
			path = LoopKit;
			sourceTree = "<group>";
		};
		7AFB50C81F3A72470057C384 /* Storage */ = {
			isa = PBXGroup;
			children = (
				7AFB50C91F3A72530057C384 /* LocalStorage.swift */,
			);
			path = Storage;
			sourceTree = "<group>";
		};
/* End PBXGroup section */

/* Begin PBXHeadersBuildPhase section */
		7A9628311F6DBD8B0048CEB2 /* Headers */ = {
			isa = PBXHeadersBuildPhase;
			buildActionMask = 2147483647;
			files = (
				7A9628441F6DBD8B0048CEB2 /* TwitterKit.h in Headers */,
			);
			runOnlyForDeploymentPostprocessing = 0;
		};
		7AD6DB921EFB54AF00D2D50F /* Headers */ = {
			isa = PBXHeadersBuildPhase;
			buildActionMask = 2147483647;
			files = (
				7AD6DBA71EFB54AF00D2D50F /* LoopKit.h in Headers */,
			);
			runOnlyForDeploymentPostprocessing = 0;
		};
/* End PBXHeadersBuildPhase section */

/* Begin PBXNativeTarget section */
		7A9628331F6DBD8B0048CEB2 /* BirdNest */ = {
			isa = PBXNativeTarget;
			buildConfigurationList = 7A9628491F6DBD8B0048CEB2 /* Build configuration list for PBXNativeTarget "BirdNest" */;
			buildPhases = (
				7A96282F1F6DBD8B0048CEB2 /* Sources */,
				7A9628301F6DBD8B0048CEB2 /* Frameworks */,
				7A9628311F6DBD8B0048CEB2 /* Headers */,
				7A9628321F6DBD8B0048CEB2 /* Resources */,
			);
			buildRules = (
			);
			dependencies = (
			);
			name = BirdNest;
			productName = TwitterKit;
			productReference = 7A9628341F6DBD8B0048CEB2 /* BirdNest.framework */;
			productType = "com.apple.product-type.framework";
		};
		7A96283B1F6DBD8B0048CEB2 /* BirdNestTests */ = {
			isa = PBXNativeTarget;
			buildConfigurationList = 7A96284A1F6DBD8B0048CEB2 /* Build configuration list for PBXNativeTarget "BirdNestTests" */;
			buildPhases = (
				7A9628381F6DBD8B0048CEB2 /* Sources */,
				7A9628391F6DBD8B0048CEB2 /* Frameworks */,
				7A96283A1F6DBD8B0048CEB2 /* Resources */,
				7A96286F1F6DC1350048CEB2 /* CopyFiles */,
			);
			buildRules = (
			);
			dependencies = (
				7A96283F1F6DBD8B0048CEB2 /* PBXTargetDependency */,
			);
			name = BirdNestTests;
			productName = TwitterKitTests;
			productReference = 7A96283C1F6DBD8B0048CEB2 /* BirdNestTests.xctest */;
			productType = "com.apple.product-type.bundle.unit-test";
		};
		7AD6DB5E1EFB549D00D2D50F /* Loop */ = {
			isa = PBXNativeTarget;
			buildConfigurationList = 7AD6DB871EFB549D00D2D50F /* Build configuration list for PBXNativeTarget "Loop" */;
			buildPhases = (
				7AD6DB5B1EFB549D00D2D50F /* Sources */,
				7AD6DB5C1EFB549D00D2D50F /* Frameworks */,
				7AD6DB5D1EFB549D00D2D50F /* Resources */,
				7AD6DBAF1EFB54AF00D2D50F /* Embed Frameworks */,
				7A2B85281F53159B00B287EF /* Install Reveal Server */,
			);
			buildRules = (
			);
			dependencies = (
				7AAF3BB91F6DC8BF0072555E /* PBXTargetDependency */,
				7AD6DBA91EFB54AF00D2D50F /* PBXTargetDependency */,
			);
			name = Loop;
			productName = Loop;
			productReference = 7AD6DB5F1EFB549D00D2D50F /* Loop.app */;
			productType = "com.apple.product-type.application";
		};
		7AD6DB721EFB549D00D2D50F /* LoopTests */ = {
			isa = PBXNativeTarget;
			buildConfigurationList = 7AD6DB8A1EFB549D00D2D50F /* Build configuration list for PBXNativeTarget "LoopTests" */;
			buildPhases = (
				7AD6DB6F1EFB549D00D2D50F /* Sources */,
				7AD6DB701EFB549D00D2D50F /* Frameworks */,
				7AD6DB711EFB549D00D2D50F /* Resources */,
				7A7A08B21F23A8930006EF3E /* CopyFiles */,
			);
			buildRules = (
			);
			dependencies = (
				7AD6DB751EFB549D00D2D50F /* PBXTargetDependency */,
			);
			name = LoopTests;
			productName = LoopTests;
			productReference = 7AD6DB731EFB549D00D2D50F /* LoopTests.xctest */;
			productType = "com.apple.product-type.bundle.unit-test";
		};
		7AD6DB7D1EFB549D00D2D50F /* LoopUITests */ = {
			isa = PBXNativeTarget;
			buildConfigurationList = 7AD6DB8D1EFB549D00D2D50F /* Build configuration list for PBXNativeTarget "LoopUITests" */;
			buildPhases = (
				7AD6DB7A1EFB549D00D2D50F /* Sources */,
				7AD6DB7B1EFB549D00D2D50F /* Frameworks */,
				7AD6DB7C1EFB549D00D2D50F /* Resources */,
			);
			buildRules = (
			);
			dependencies = (
				7AD6DB801EFB549D00D2D50F /* PBXTargetDependency */,
			);
			name = LoopUITests;
			productName = LoopUITests;
			productReference = 7AD6DB7E1EFB549D00D2D50F /* LoopUITests.xctest */;
			productType = "com.apple.product-type.bundle.ui-testing";
		};
		7AD6DB941EFB54AF00D2D50F /* LoopKit */ = {
			isa = PBXNativeTarget;
			buildConfigurationList = 7AD6DBAC1EFB54AF00D2D50F /* Build configuration list for PBXNativeTarget "LoopKit" */;
			buildPhases = (
				7AD6DB901EFB54AF00D2D50F /* Sources */,
				7AD6DB911EFB54AF00D2D50F /* Frameworks */,
				7AD6DB921EFB54AF00D2D50F /* Headers */,
				7AD6DB931EFB54AF00D2D50F /* Resources */,
			);
			buildRules = (
			);
			dependencies = (
			);
			name = LoopKit;
			productName = LoopKit;
			productReference = 7AD6DB951EFB54AF00D2D50F /* LoopKit.framework */;
			productType = "com.apple.product-type.framework";
		};
/* End PBXNativeTarget section */

/* Begin PBXProject section */
		7AD6DB571EFB549D00D2D50F /* Project object */ = {
			isa = PBXProject;
			attributes = {
				LastSwiftUpdateCheck = 0900;
				LastUpgradeCheck = 0900;
				ORGANIZATIONNAME = "Perfectly-Cooked";
				TargetAttributes = {
					7A9628331F6DBD8B0048CEB2 = {
						CreatedOnToolsVersion = 9.0;
						ProvisioningStyle = Automatic;
					};
					7A96283B1F6DBD8B0048CEB2 = {
						CreatedOnToolsVersion = 9.0;
						ProvisioningStyle = Automatic;
					};
					7AD6DB5E1EFB549D00D2D50F = {
						CreatedOnToolsVersion = 9.0;
					};
					7AD6DB721EFB549D00D2D50F = {
						CreatedOnToolsVersion = 9.0;
						LastSwiftMigration = 0900;
						TestTargetID = 7AD6DB5E1EFB549D00D2D50F;
					};
					7AD6DB7D1EFB549D00D2D50F = {
						CreatedOnToolsVersion = 9.0;
						TestTargetID = 7AD6DB5E1EFB549D00D2D50F;
					};
					7AD6DB941EFB54AF00D2D50F = {
						CreatedOnToolsVersion = 9.0;
						LastSwiftMigration = 0900;
					};
				};
			};
			buildConfigurationList = 7AD6DB5A1EFB549D00D2D50F /* Build configuration list for PBXProject "Loop" */;
			compatibilityVersion = "Xcode 8.0";
			developmentRegion = en;
			hasScannedForEncodings = 0;
			knownRegions = (
				en,
				Base,
			);
			mainGroup = 7AD6DB561EFB549D00D2D50F;
			productRefGroup = 7AD6DB601EFB549D00D2D50F /* Products */;
			projectDirPath = "";
			projectRoot = "";
			targets = (
				7AD6DB5E1EFB549D00D2D50F /* Loop */,
				7AD6DB721EFB549D00D2D50F /* LoopTests */,
				7AD6DB7D1EFB549D00D2D50F /* LoopUITests */,
				7AD6DB941EFB54AF00D2D50F /* LoopKit */,
				7A9628331F6DBD8B0048CEB2 /* BirdNest */,
				7A96283B1F6DBD8B0048CEB2 /* BirdNestTests */,
			);
		};
/* End PBXProject section */

/* Begin PBXResourcesBuildPhase section */
		7A9628321F6DBD8B0048CEB2 /* Resources */ = {
			isa = PBXResourcesBuildPhase;
			buildActionMask = 2147483647;
			files = (
			);
			runOnlyForDeploymentPostprocessing = 0;
		};
		7A96283A1F6DBD8B0048CEB2 /* Resources */ = {
			isa = PBXResourcesBuildPhase;
			buildActionMask = 2147483647;
			files = (
				7A9628641F6DC10C0048CEB2 /* GET-users-search-json-q-Twitter-API-page-1-count-20.json in Resources */,
			);
			runOnlyForDeploymentPostprocessing = 0;
		};
		7AD6DB5D1EFB549D00D2D50F /* Resources */ = {
			isa = PBXResourcesBuildPhase;
			buildActionMask = 2147483647;
			files = (
				7A229C301EFD932900ADB0C4 /* SourceSansPro-ExtraLightItalic.ttf in Resources */,
				7A8796ED1F39574800DA5D09 /* ActivityCell.xib in Resources */,
				7A229C311EFD932900ADB0C4 /* SourceSansPro-Italic.ttf in Resources */,
				7A229C2C1EFD932900ADB0C4 /* SourceSansPro-BlackItalic.ttf in Resources */,
				7A229C341EFD932900ADB0C4 /* SourceSansPro-Regular.ttf in Resources */,
				7A229C321EFD932900ADB0C4 /* SourceSansPro-Light.ttf in Resources */,
				7AD6DB6D1EFB549D00D2D50F /* LaunchScreen.storyboard in Resources */,
				7AD6DB6A1EFB549D00D2D50F /* Assets.xcassets in Resources */,
				7A229C2F1EFD932900ADB0C4 /* SourceSansPro-ExtraLight.ttf in Resources */,
				7A229C2E1EFD932900ADB0C4 /* SourceSansPro-BoldItalic.ttf in Resources */,
				7AD6DB681EFB549D00D2D50F /* Main.storyboard in Resources */,
				7A229C361EFD932900ADB0C4 /* SourceSansPro-SemiBoldItalic.ttf in Resources */,
				7A229C2B1EFD932900ADB0C4 /* SourceSansPro-Black.ttf in Resources */,
				7A229C2D1EFD932900ADB0C4 /* SourceSansPro-Bold.ttf in Resources */,
				7A229C351EFD932900ADB0C4 /* SourceSansPro-SemiBold.ttf in Resources */,
				7A5937221EFD58B90011ED2E /* Localizable.strings in Resources */,
				7A229C331EFD932900ADB0C4 /* SourceSansPro-LightItalic.ttf in Resources */,
			);
			runOnlyForDeploymentPostprocessing = 0;
		};
		7AD6DB711EFB549D00D2D50F /* Resources */ = {
			isa = PBXResourcesBuildPhase;
			buildActionMask = 2147483647;
			files = (
			);
			runOnlyForDeploymentPostprocessing = 0;
		};
		7AD6DB7C1EFB549D00D2D50F /* Resources */ = {
			isa = PBXResourcesBuildPhase;
			buildActionMask = 2147483647;
			files = (
			);
			runOnlyForDeploymentPostprocessing = 0;
		};
		7AD6DB931EFB54AF00D2D50F /* Resources */ = {
			isa = PBXResourcesBuildPhase;
			buildActionMask = 2147483647;
			files = (
			);
			runOnlyForDeploymentPostprocessing = 0;
		};
/* End PBXResourcesBuildPhase section */

/* Begin PBXShellScriptBuildPhase section */
		7A2B85281F53159B00B287EF /* Install Reveal Server */ = {
			isa = PBXShellScriptBuildPhase;
			buildActionMask = 2147483647;
			files = (
			);
			inputPaths = (
			);
			name = "Install Reveal Server";
			outputPaths = (
			);
			runOnlyForDeploymentPostprocessing = 0;
			shellPath = /bin/sh;
			shellScript = "REVEAL_APP_PATH=$(mdfind kMDItemCFBundleIdentifier=\"com.ittybittyapps.Reveal2\" | head -n 1)\nBUILD_SCRIPT_PATH=\"${REVEAL_APP_PATH}/Contents/SharedSupport/Scripts/reveal_server_build_phase.sh\"\nif [ \"${REVEAL_APP_PATH}\" -a -e \"${BUILD_SCRIPT_PATH}\" ]; then\n\"${BUILD_SCRIPT_PATH}\"\nelse\necho \"Reveal Server not loaded: Cannot find a compatible Reveal app.\"\nfi";
		};
/* End PBXShellScriptBuildPhase section */

/* Begin PBXSourcesBuildPhase section */
		7A96282F1F6DBD8B0048CEB2 /* Sources */ = {
			isa = PBXSourcesBuildPhase;
			buildActionMask = 2147483647;
			files = (
				7A9628551F6DBE0C0048CEB2 /* Signature.swift in Sources */,
				7A9628561F6DBE0C0048CEB2 /* TokenResponse.swift in Sources */,
				7A96287B1F6DC1FC0048CEB2 /* AutoEquatable.generated.swift in Sources */,
				7A96287C1F6DC1FC0048CEB2 /* AutoHashable.generated.swift in Sources */,
				7A96287A1F6DC1FC0048CEB2 /* AutoInterface.generated.swift in Sources */,
				7A96285D1F6DBE350048CEB2 /* AccessTokenResponse.swift in Sources */,
				7A9628541F6DBE0C0048CEB2 /* Sourcery.swift in Sources */,
				7A9628601F6DBEAA0048CEB2 /* Encoding.swift in Sources */,
				7A9628581F6DBE0C0048CEB2 /* TwitterAuthorization.swift in Sources */,
				7A96285C1F6DBE300048CEB2 /* Identifiable.swift in Sources */,
				7A96285F1F6DBEAA0048CEB2 /* Clock.swift in Sources */,
				7A9628571F6DBE0C0048CEB2 /* Twitter.swift in Sources */,
				7A96285A1F6DBE0C0048CEB2 /* TokenProvider.swift in Sources */,
				7A96285E1F6DBE990048CEB2 /* BodyDecodable.swift in Sources */,
				7A96285B1F6DBE0C0048CEB2 /* TwitterUser.swift in Sources */,
				7A9628591F6DBE0C0048CEB2 /* Status.swift in Sources */,
			);
			runOnlyForDeploymentPostprocessing = 0;
		};
		7A9628381F6DBD8B0048CEB2 /* Sources */ = {
			isa = PBXSourcesBuildPhase;
			buildActionMask = 2147483647;
			files = (
				7A96286C1F6DC1150048CEB2 /* TwitterAuthorizationSpec.swift in Sources */,
				7A9628661F6DC1150048CEB2 /* TokenResponseTests.swift in Sources */,
				7A96286B1F6DC1150048CEB2 /* SignatureSpec.swift in Sources */,
				7A96286E1F6DC1150048CEB2 /* AccessTokenResponseSpec.swift in Sources */,
				7A9628651F6DC1150048CEB2 /* Fixture.swift in Sources */,
				7A96286D1F6DC1150048CEB2 /* TokenResponseSpec.swift in Sources */,
				7A9628691F6DC1150048CEB2 /* EncodingTests.swift in Sources */,
				7A96286A1F6DC1150048CEB2 /* RequestTests.swift in Sources */,
				7A9628671F6DC1150048CEB2 /* TwitterUserTests.swift in Sources */,
				7A9628681F6DC1150048CEB2 /* TwitterTests.swift in Sources */,
			);
			runOnlyForDeploymentPostprocessing = 0;
		};
		7AD6DB5B1EFB549D00D2D50F /* Sources */ = {
			isa = PBXSourcesBuildPhase;
			buildActionMask = 2147483647;
			files = (
				7A5937021EFD549B0011ED2E /* Storyboards.swift in Sources */,
				7A47C10D1EFC7FCF00360F94 /* (null) in Sources */,
				7A5937011EFD54980011ED2E /* Assets.swift in Sources */,
				7A47C1161EFC80E600360F94 /* (null) in Sources */,
				7A8796EB1F39560900DA5D09 /* LeadConfirmationViewController.swift in Sources */,
				7A403D1E1F2E49DD004A5476 /* UserCell.swift in Sources */,
				7A2B852C1F53192300B287EF /* ListAllLeadsCoordinator.swift in Sources */,
				7A2B85301F53262C00B287EF /* LeadCell.swift in Sources */,
				7A2B852E1F531C8000B287EF /* ListLeadsViewController.swift in Sources */,
				7A8390441F23B07B0010AA3F /* TwitterAuthenticationFlow.swift in Sources */,
				7A4BC8C71F313F5700C2766E /* ActivityCell.swift in Sources */,
				7A46CBED1F21978900CD5E47 /* Keys.swift in Sources */,
				7A403D201F2E736C004A5476 /* SearchHeader.swift in Sources */,
				7A47C10F1EFC806300360F94 /* (null) in Sources */,
				7A47C1251EFC838700360F94 /* AddLeadView.swift in Sources */,
				7A093E5B1F455EB5009E73B0 /* Colors.swift in Sources */,
				7A4BC8C31F313A0300C2766E /* SelectActivityViewController.swift in Sources */,
				7A2B852A1F53171D00B287EF /* UIHelpers.swift in Sources */,
				7A47C1231EFC838000360F94 /* AppCoordinator.swift in Sources */,
				7AD6DB631EFB549D00D2D50F /* AppDelegate.swift in Sources */,
				7A3398111F300C0C00BFEE4A /* Keyboard.swift in Sources */,
				7A47C1221EFC829700360F94 /* SourceSelector.swift in Sources */,
				7A47C1241EFC838300360F94 /* AddLeadCoordinator.swift in Sources */,
				7A47C1121EFC809200360F94 /* (null) in Sources */,
				7A093E5D1F45634F009E73B0 /* Fonts.swift in Sources */,
				7A229C371EFD95AC00ADB0C4 /* AddLeadViewController.swift in Sources */,
			);
			runOnlyForDeploymentPostprocessing = 0;
		};
		7AD6DB6F1EFB549D00D2D50F /* Sources */ = {
			isa = PBXSourcesBuildPhase;
			buildActionMask = 2147483647;
			files = (
				7A1806BE1F2826140036AB49 /* TwitterAuthenticationFlowSpec.swift in Sources */,
			);
			runOnlyForDeploymentPostprocessing = 0;
		};
		7AD6DB7A1EFB549D00D2D50F /* Sources */ = {
			isa = PBXSourcesBuildPhase;
			buildActionMask = 2147483647;
			files = (
				7AD6DB831EFB549D00D2D50F /* LoopUITests.swift in Sources */,
			);
			runOnlyForDeploymentPostprocessing = 0;
		};
		7AD6DB901EFB54AF00D2D50F /* Sources */ = {
			isa = PBXSourcesBuildPhase;
			buildActionMask = 2147483647;
			files = (
				7AAF3BC31F6DC93A0072555E /* AutoEquatable.generated.swift in Sources */,
				7AAF3BC41F6DC93A0072555E /* AutoHashable.generated.swift in Sources */,
				7AAF3BC51F6DC93A0072555E /* AutoInterface.generated.swift in Sources */,
				7AAF3BC81F6F24540072555E /* Model.xcdatamodeld in Sources */,
				7AAF3BC61F6DC93A0072555E /* AutoList.generated.swift in Sources */,
				7AD6DBB61EFB562000D2D50F /* Activity.swift in Sources */,
				7AAF3BC71F6F244B0072555E /* LocalStorage.swift in Sources */,
				7AAF3BB71F6DC6D30072555E /* Sourcery.swift in Sources */,
			);
			runOnlyForDeploymentPostprocessing = 0;
		};
/* End PBXSourcesBuildPhase section */

/* Begin PBXTargetDependency section */
		7A96283F1F6DBD8B0048CEB2 /* PBXTargetDependency */ = {
			isa = PBXTargetDependency;
			target = 7A9628331F6DBD8B0048CEB2 /* BirdNest */;
			targetProxy = 7A96283E1F6DBD8B0048CEB2 /* PBXContainerItemProxy */;
		};
		7AAF3BB91F6DC8BF0072555E /* PBXTargetDependency */ = {
			isa = PBXTargetDependency;
			target = 7A9628331F6DBD8B0048CEB2 /* BirdNest */;
			targetProxy = 7AAF3BB81F6DC8BF0072555E /* PBXContainerItemProxy */;
		};
		7AD6DB751EFB549D00D2D50F /* PBXTargetDependency */ = {
			isa = PBXTargetDependency;
			target = 7AD6DB5E1EFB549D00D2D50F /* Loop */;
			targetProxy = 7AD6DB741EFB549D00D2D50F /* PBXContainerItemProxy */;
		};
		7AD6DB801EFB549D00D2D50F /* PBXTargetDependency */ = {
			isa = PBXTargetDependency;
			target = 7AD6DB5E1EFB549D00D2D50F /* Loop */;
			targetProxy = 7AD6DB7F1EFB549D00D2D50F /* PBXContainerItemProxy */;
		};
		7AD6DBA91EFB54AF00D2D50F /* PBXTargetDependency */ = {
			isa = PBXTargetDependency;
			target = 7AD6DB941EFB54AF00D2D50F /* LoopKit */;
			targetProxy = 7AD6DBA81EFB54AF00D2D50F /* PBXContainerItemProxy */;
		};
/* End PBXTargetDependency section */

/* Begin PBXVariantGroup section */
		7AD6DB661EFB549D00D2D50F /* Main.storyboard */ = {
			isa = PBXVariantGroup;
			children = (
				7AD6DB671EFB549D00D2D50F /* Base */,
			);
			name = Main.storyboard;
			sourceTree = "<group>";
		};
		7AD6DB6B1EFB549D00D2D50F /* LaunchScreen.storyboard */ = {
			isa = PBXVariantGroup;
			children = (
				7AD6DB6C1EFB549D00D2D50F /* Base */,
			);
			name = LaunchScreen.storyboard;
			sourceTree = "<group>";
		};
/* End PBXVariantGroup section */

/* Begin XCBuildConfiguration section */
		7A9628451F6DBD8B0048CEB2 /* Debug */ = {
			isa = XCBuildConfiguration;
			buildSettings = {
				CLANG_WARN_NON_LITERAL_NULL_CONVERSION = YES;
				CLANG_WARN_OBJC_LITERAL_CONVERSION = YES;
				CODE_SIGN_IDENTITY = "";
				CODE_SIGN_STYLE = Automatic;
				CURRENT_PROJECT_VERSION = 1;
				DEFINES_MODULE = YES;
				DEVELOPMENT_TEAM = 8VS9JKFDZS;
				DYLIB_COMPATIBILITY_VERSION = 1;
				DYLIB_CURRENT_VERSION = 1;
				DYLIB_INSTALL_NAME_BASE = "@rpath";
				FRAMEWORK_SEARCH_PATHS = (
					"$(inherited)",
					"$(PROJECT_DIR)/Carthage/Build/iOS",
				);
				INFOPLIST_FILE = BirdNest/Info.plist;
				INSTALL_PATH = "$(LOCAL_LIBRARY_DIR)/Frameworks";
				LD_RUNPATH_SEARCH_PATHS = "$(inherited) @executable_path/Frameworks @loader_path/Frameworks";
				PRODUCT_BUNDLE_IDENTIFIER = "com.perfectly-cooked.BirdNest";
				PRODUCT_NAME = "$(TARGET_NAME:c99extidentifier)";
				SKIP_INSTALL = YES;
				SWIFT_VERSION = 4.0;
				TARGETED_DEVICE_FAMILY = "1,2";
				VERSIONING_SYSTEM = "apple-generic";
				VERSION_INFO_PREFIX = "";
			};
			name = Debug;
		};
		7A9628461F6DBD8B0048CEB2 /* Release */ = {
			isa = XCBuildConfiguration;
			buildSettings = {
				CLANG_WARN_NON_LITERAL_NULL_CONVERSION = YES;
				CLANG_WARN_OBJC_LITERAL_CONVERSION = YES;
				CODE_SIGN_IDENTITY = "";
				CODE_SIGN_STYLE = Automatic;
				CURRENT_PROJECT_VERSION = 1;
				DEFINES_MODULE = YES;
				DEVELOPMENT_TEAM = 8VS9JKFDZS;
				DYLIB_COMPATIBILITY_VERSION = 1;
				DYLIB_CURRENT_VERSION = 1;
				DYLIB_INSTALL_NAME_BASE = "@rpath";
				FRAMEWORK_SEARCH_PATHS = (
					"$(inherited)",
					"$(PROJECT_DIR)/Carthage/Build/iOS",
				);
				INFOPLIST_FILE = BirdNest/Info.plist;
				INSTALL_PATH = "$(LOCAL_LIBRARY_DIR)/Frameworks";
				LD_RUNPATH_SEARCH_PATHS = "$(inherited) @executable_path/Frameworks @loader_path/Frameworks";
				PRODUCT_BUNDLE_IDENTIFIER = "com.perfectly-cooked.BirdNest";
				PRODUCT_NAME = "$(TARGET_NAME:c99extidentifier)";
				SKIP_INSTALL = YES;
				SWIFT_VERSION = 4.0;
				TARGETED_DEVICE_FAMILY = "1,2";
				VERSIONING_SYSTEM = "apple-generic";
				VERSION_INFO_PREFIX = "";
			};
			name = Release;
		};
		7A9628471F6DBD8B0048CEB2 /* Debug */ = {
			isa = XCBuildConfiguration;
			buildSettings = {
				ALWAYS_EMBED_SWIFT_STANDARD_LIBRARIES = YES;
				CLANG_WARN_NON_LITERAL_NULL_CONVERSION = YES;
				CLANG_WARN_OBJC_LITERAL_CONVERSION = YES;
				CODE_SIGN_STYLE = Automatic;
				DEVELOPMENT_TEAM = 8VS9JKFDZS;
				FRAMEWORK_SEARCH_PATHS = (
					"$(inherited)",
					"$(PROJECT_DIR)/Carthage/Build/iOS",
				);
				INFOPLIST_FILE = BirdNestTests/Info.plist;
				LD_RUNPATH_SEARCH_PATHS = "$(inherited) @executable_path/Frameworks @loader_path/Frameworks";
				PRODUCT_BUNDLE_IDENTIFIER = "com.perfectly-cooked.BirdNestTests";
				PRODUCT_NAME = "$(TARGET_NAME)";
				SWIFT_VERSION = 4.0;
				TARGETED_DEVICE_FAMILY = "1,2";
			};
			name = Debug;
		};
		7A9628481F6DBD8B0048CEB2 /* Release */ = {
			isa = XCBuildConfiguration;
			buildSettings = {
				ALWAYS_EMBED_SWIFT_STANDARD_LIBRARIES = YES;
				CLANG_WARN_NON_LITERAL_NULL_CONVERSION = YES;
				CLANG_WARN_OBJC_LITERAL_CONVERSION = YES;
				CODE_SIGN_STYLE = Automatic;
				DEVELOPMENT_TEAM = 8VS9JKFDZS;
				FRAMEWORK_SEARCH_PATHS = (
					"$(inherited)",
					"$(PROJECT_DIR)/Carthage/Build/iOS",
				);
				INFOPLIST_FILE = BirdNestTests/Info.plist;
				LD_RUNPATH_SEARCH_PATHS = "$(inherited) @executable_path/Frameworks @loader_path/Frameworks";
				PRODUCT_BUNDLE_IDENTIFIER = "com.perfectly-cooked.BirdNestTests";
				PRODUCT_NAME = "$(TARGET_NAME)";
				SWIFT_VERSION = 4.0;
				TARGETED_DEVICE_FAMILY = "1,2";
			};
			name = Release;
		};
		7AD6DB851EFB549D00D2D50F /* Debug */ = {
			isa = XCBuildConfiguration;
			buildSettings = {
				ALWAYS_SEARCH_USER_PATHS = NO;
				CLANG_ANALYZER_NONNULL = YES;
				CLANG_ANALYZER_NUMBER_OBJECT_CONVERSION = YES_AGGRESSIVE;
				CLANG_CXX_LANGUAGE_STANDARD = "gnu++14";
				CLANG_CXX_LIBRARY = "libc++";
				CLANG_ENABLE_MODULES = YES;
				CLANG_ENABLE_OBJC_ARC = YES;
				CLANG_WARN_BLOCK_CAPTURE_AUTORELEASING = YES;
				CLANG_WARN_BOOL_CONVERSION = YES;
				CLANG_WARN_COMMA = YES;
				CLANG_WARN_CONSTANT_CONVERSION = YES;
				CLANG_WARN_DIRECT_OBJC_ISA_USAGE = YES_ERROR;
				CLANG_WARN_DOCUMENTATION_COMMENTS = YES;
				CLANG_WARN_EMPTY_BODY = YES;
				CLANG_WARN_ENUM_CONVERSION = YES;
				CLANG_WARN_INFINITE_RECURSION = YES;
				CLANG_WARN_INT_CONVERSION = YES;
				CLANG_WARN_OBJC_ROOT_CLASS = YES_ERROR;
				CLANG_WARN_RANGE_LOOP_ANALYSIS = YES;
				CLANG_WARN_STRICT_PROTOTYPES = YES;
				CLANG_WARN_SUSPICIOUS_MOVE = YES;
				CLANG_WARN_UNGUARDED_AVAILABILITY = YES_AGGRESSIVE;
				CLANG_WARN_UNREACHABLE_CODE = YES;
				CLANG_WARN__DUPLICATE_METHOD_MATCH = YES;
				CODE_SIGN_IDENTITY = "iPhone Developer";
				COPY_PHASE_STRIP = NO;
				DEBUG_INFORMATION_FORMAT = dwarf;
				ENABLE_STRICT_OBJC_MSGSEND = YES;
				ENABLE_TESTABILITY = YES;
				GCC_C_LANGUAGE_STANDARD = gnu11;
				GCC_DYNAMIC_NO_PIC = NO;
				GCC_NO_COMMON_BLOCKS = YES;
				GCC_OPTIMIZATION_LEVEL = 0;
				GCC_PREPROCESSOR_DEFINITIONS = (
					"DEBUG=1",
					"$(inherited)",
				);
				GCC_WARN_64_TO_32_BIT_CONVERSION = YES;
				GCC_WARN_ABOUT_RETURN_TYPE = YES_ERROR;
				GCC_WARN_UNDECLARED_SELECTOR = YES;
				GCC_WARN_UNINITIALIZED_AUTOS = YES_AGGRESSIVE;
				GCC_WARN_UNUSED_FUNCTION = YES;
				GCC_WARN_UNUSED_VARIABLE = YES;
				IPHONEOS_DEPLOYMENT_TARGET = 11.0;
				MTL_ENABLE_DEBUG_INFO = YES;
				ONLY_ACTIVE_ARCH = YES;
				SDKROOT = iphoneos;
				SWIFT_ACTIVE_COMPILATION_CONDITIONS = DEBUG;
				SWIFT_OPTIMIZATION_LEVEL = "-Onone";
			};
			name = Debug;
		};
		7AD6DB861EFB549D00D2D50F /* Release */ = {
			isa = XCBuildConfiguration;
			buildSettings = {
				ALWAYS_SEARCH_USER_PATHS = NO;
				CLANG_ANALYZER_NONNULL = YES;
				CLANG_ANALYZER_NUMBER_OBJECT_CONVERSION = YES_AGGRESSIVE;
				CLANG_CXX_LANGUAGE_STANDARD = "gnu++14";
				CLANG_CXX_LIBRARY = "libc++";
				CLANG_ENABLE_MODULES = YES;
				CLANG_ENABLE_OBJC_ARC = YES;
				CLANG_WARN_BLOCK_CAPTURE_AUTORELEASING = YES;
				CLANG_WARN_BOOL_CONVERSION = YES;
				CLANG_WARN_COMMA = YES;
				CLANG_WARN_CONSTANT_CONVERSION = YES;
				CLANG_WARN_DIRECT_OBJC_ISA_USAGE = YES_ERROR;
				CLANG_WARN_DOCUMENTATION_COMMENTS = YES;
				CLANG_WARN_EMPTY_BODY = YES;
				CLANG_WARN_ENUM_CONVERSION = YES;
				CLANG_WARN_INFINITE_RECURSION = YES;
				CLANG_WARN_INT_CONVERSION = YES;
				CLANG_WARN_OBJC_ROOT_CLASS = YES_ERROR;
				CLANG_WARN_RANGE_LOOP_ANALYSIS = YES;
				CLANG_WARN_STRICT_PROTOTYPES = YES;
				CLANG_WARN_SUSPICIOUS_MOVE = YES;
				CLANG_WARN_UNGUARDED_AVAILABILITY = YES_AGGRESSIVE;
				CLANG_WARN_UNREACHABLE_CODE = YES;
				CLANG_WARN__DUPLICATE_METHOD_MATCH = YES;
				CODE_SIGN_IDENTITY = "iPhone Developer";
				COPY_PHASE_STRIP = NO;
				DEBUG_INFORMATION_FORMAT = "dwarf-with-dsym";
				ENABLE_NS_ASSERTIONS = NO;
				ENABLE_STRICT_OBJC_MSGSEND = YES;
				GCC_C_LANGUAGE_STANDARD = gnu11;
				GCC_NO_COMMON_BLOCKS = YES;
				GCC_WARN_64_TO_32_BIT_CONVERSION = YES;
				GCC_WARN_ABOUT_RETURN_TYPE = YES_ERROR;
				GCC_WARN_UNDECLARED_SELECTOR = YES;
				GCC_WARN_UNINITIALIZED_AUTOS = YES_AGGRESSIVE;
				GCC_WARN_UNUSED_FUNCTION = YES;
				GCC_WARN_UNUSED_VARIABLE = YES;
				IPHONEOS_DEPLOYMENT_TARGET = 11.0;
				MTL_ENABLE_DEBUG_INFO = NO;
				SDKROOT = iphoneos;
				SWIFT_OPTIMIZATION_LEVEL = "-Owholemodule";
				VALIDATE_PRODUCT = YES;
			};
			name = Release;
		};
		7AD6DB881EFB549D00D2D50F /* Debug */ = {
			isa = XCBuildConfiguration;
			buildSettings = {
				ALWAYS_EMBED_SWIFT_STANDARD_LIBRARIES = YES;
				ASSETCATALOG_COMPILER_APPICON_NAME = AppIcon;
				DEVELOPMENT_TEAM = 8VS9JKFDZS;
				FRAMEWORK_SEARCH_PATHS = (
					"$(inherited)",
					"$(PROJECT_DIR)/Carthage/Build/iOS",
					"$(PROJECT_DIR)",
				);
				INFOPLIST_FILE = Loop/Info.plist;
				LD_RUNPATH_SEARCH_PATHS = "$(inherited) @executable_path/Frameworks";
				PRODUCT_BUNDLE_IDENTIFIER = "com.perfectly-cooked.Loop";
				PRODUCT_NAME = "$(TARGET_NAME)";
				SWIFT_OBJC_BRIDGING_HEADER = "Bridging-Header.h";
				SWIFT_VERSION = 4.0;
				TARGETED_DEVICE_FAMILY = "1,2";
			};
			name = Debug;
		};
		7AD6DB891EFB549D00D2D50F /* Release */ = {
			isa = XCBuildConfiguration;
			buildSettings = {
				ALWAYS_EMBED_SWIFT_STANDARD_LIBRARIES = YES;
				ASSETCATALOG_COMPILER_APPICON_NAME = AppIcon;
				DEVELOPMENT_TEAM = 8VS9JKFDZS;
				FRAMEWORK_SEARCH_PATHS = (
					"$(inherited)",
					"$(PROJECT_DIR)/Carthage/Build/iOS",
					"$(PROJECT_DIR)",
				);
				INFOPLIST_FILE = Loop/Info.plist;
				LD_RUNPATH_SEARCH_PATHS = "$(inherited) @executable_path/Frameworks";
				PRODUCT_BUNDLE_IDENTIFIER = "com.perfectly-cooked.Loop";
				PRODUCT_NAME = "$(TARGET_NAME)";
				SWIFT_OBJC_BRIDGING_HEADER = "Bridging-Header.h";
				SWIFT_VERSION = 4.0;
				TARGETED_DEVICE_FAMILY = "1,2";
			};
			name = Release;
		};
		7AD6DB8B1EFB549D00D2D50F /* Debug */ = {
			isa = XCBuildConfiguration;
			buildSettings = {
				ALWAYS_EMBED_SWIFT_STANDARD_LIBRARIES = YES;
				BUNDLE_LOADER = "$(TEST_HOST)";
				CLANG_ENABLE_MODULES = YES;
				DEVELOPMENT_TEAM = 8VS9JKFDZS;
				FRAMEWORK_SEARCH_PATHS = (
					"$(inherited)",
					"$(PROJECT_DIR)/Carthage/Build/iOS",
				);
				INFOPLIST_FILE = LoopTests/Info.plist;
				LD_RUNPATH_SEARCH_PATHS = "$(inherited) @executable_path/Frameworks @loader_path/Frameworks";
				PRODUCT_BUNDLE_IDENTIFIER = "com.perfectly-cooked.LoopTests";
				PRODUCT_NAME = "$(TARGET_NAME)";
				SWIFT_OPTIMIZATION_LEVEL = "-Onone";
				SWIFT_VERSION = 4.0;
				TARGETED_DEVICE_FAMILY = "1,2";
				TEST_HOST = "$(BUILT_PRODUCTS_DIR)/Loop.app/Loop";
			};
			name = Debug;
		};
		7AD6DB8C1EFB549D00D2D50F /* Release */ = {
			isa = XCBuildConfiguration;
			buildSettings = {
				ALWAYS_EMBED_SWIFT_STANDARD_LIBRARIES = YES;
				BUNDLE_LOADER = "$(TEST_HOST)";
				CLANG_ENABLE_MODULES = YES;
				DEVELOPMENT_TEAM = 8VS9JKFDZS;
				FRAMEWORK_SEARCH_PATHS = (
					"$(inherited)",
					"$(PROJECT_DIR)/Carthage/Build/iOS",
				);
				INFOPLIST_FILE = LoopTests/Info.plist;
				LD_RUNPATH_SEARCH_PATHS = "$(inherited) @executable_path/Frameworks @loader_path/Frameworks";
				PRODUCT_BUNDLE_IDENTIFIER = "com.perfectly-cooked.LoopTests";
				PRODUCT_NAME = "$(TARGET_NAME)";
				SWIFT_VERSION = 4.0;
				TARGETED_DEVICE_FAMILY = "1,2";
				TEST_HOST = "$(BUILT_PRODUCTS_DIR)/Loop.app/Loop";
			};
			name = Release;
		};
		7AD6DB8E1EFB549D00D2D50F /* Debug */ = {
			isa = XCBuildConfiguration;
			buildSettings = {
				ALWAYS_EMBED_SWIFT_STANDARD_LIBRARIES = YES;
				DEVELOPMENT_TEAM = 8VS9JKFDZS;
				INFOPLIST_FILE = LoopUITests/Info.plist;
				LD_RUNPATH_SEARCH_PATHS = "$(inherited) @executable_path/Frameworks @loader_path/Frameworks";
				PRODUCT_BUNDLE_IDENTIFIER = "com.perfectly-cooked.LoopUITests";
				PRODUCT_NAME = "$(TARGET_NAME)";
				SWIFT_VERSION = 4.0;
				TARGETED_DEVICE_FAMILY = "1,2";
				TEST_TARGET_NAME = Loop;
			};
			name = Debug;
		};
		7AD6DB8F1EFB549D00D2D50F /* Release */ = {
			isa = XCBuildConfiguration;
			buildSettings = {
				ALWAYS_EMBED_SWIFT_STANDARD_LIBRARIES = YES;
				DEVELOPMENT_TEAM = 8VS9JKFDZS;
				INFOPLIST_FILE = LoopUITests/Info.plist;
				LD_RUNPATH_SEARCH_PATHS = "$(inherited) @executable_path/Frameworks @loader_path/Frameworks";
				PRODUCT_BUNDLE_IDENTIFIER = "com.perfectly-cooked.LoopUITests";
				PRODUCT_NAME = "$(TARGET_NAME)";
				SWIFT_VERSION = 4.0;
				TARGETED_DEVICE_FAMILY = "1,2";
				TEST_TARGET_NAME = Loop;
			};
			name = Release;
		};
		7AD6DBAD1EFB54AF00D2D50F /* Debug */ = {
			isa = XCBuildConfiguration;
			buildSettings = {
				CLANG_ENABLE_MODULES = YES;
				CODE_SIGN_IDENTITY = "";
				CURRENT_PROJECT_VERSION = 1;
				DEFINES_MODULE = YES;
				DEVELOPMENT_TEAM = 8VS9JKFDZS;
				DYLIB_COMPATIBILITY_VERSION = 1;
				DYLIB_CURRENT_VERSION = 1;
				DYLIB_INSTALL_NAME_BASE = "@rpath";
				FRAMEWORK_SEARCH_PATHS = (
					"$(inherited)",
					"$(PROJECT_DIR)/Carthage/Build/iOS",
				);
				INFOPLIST_FILE = LoopKit/Info.plist;
				INSTALL_PATH = "$(LOCAL_LIBRARY_DIR)/Frameworks";
				LD_RUNPATH_SEARCH_PATHS = "$(inherited) @executable_path/Frameworks @loader_path/Frameworks";
				PRODUCT_BUNDLE_IDENTIFIER = "com.perfectly-cooked.LoopKit";
				PRODUCT_NAME = "$(TARGET_NAME:c99extidentifier)";
				SKIP_INSTALL = YES;
				SWIFT_OPTIMIZATION_LEVEL = "-Onone";
				SWIFT_VERSION = 4.0;
				TARGETED_DEVICE_FAMILY = "1,2";
				VERSIONING_SYSTEM = "apple-generic";
				VERSION_INFO_PREFIX = "";
			};
			name = Debug;
		};
		7AD6DBAE1EFB54AF00D2D50F /* Release */ = {
			isa = XCBuildConfiguration;
			buildSettings = {
				CLANG_ENABLE_MODULES = YES;
				CODE_SIGN_IDENTITY = "";
				CURRENT_PROJECT_VERSION = 1;
				DEFINES_MODULE = YES;
				DEVELOPMENT_TEAM = 8VS9JKFDZS;
				DYLIB_COMPATIBILITY_VERSION = 1;
				DYLIB_CURRENT_VERSION = 1;
				DYLIB_INSTALL_NAME_BASE = "@rpath";
				FRAMEWORK_SEARCH_PATHS = (
					"$(inherited)",
					"$(PROJECT_DIR)/Carthage/Build/iOS",
				);
				INFOPLIST_FILE = LoopKit/Info.plist;
				INSTALL_PATH = "$(LOCAL_LIBRARY_DIR)/Frameworks";
				LD_RUNPATH_SEARCH_PATHS = "$(inherited) @executable_path/Frameworks @loader_path/Frameworks";
				PRODUCT_BUNDLE_IDENTIFIER = "com.perfectly-cooked.LoopKit";
				PRODUCT_NAME = "$(TARGET_NAME:c99extidentifier)";
				SKIP_INSTALL = YES;
				SWIFT_VERSION = 4.0;
				TARGETED_DEVICE_FAMILY = "1,2";
				VERSIONING_SYSTEM = "apple-generic";
				VERSION_INFO_PREFIX = "";
			};
			name = Release;
		};
/* End XCBuildConfiguration section */

/* Begin XCConfigurationList section */
		7A9628491F6DBD8B0048CEB2 /* Build configuration list for PBXNativeTarget "BirdNest" */ = {
			isa = XCConfigurationList;
			buildConfigurations = (
				7A9628451F6DBD8B0048CEB2 /* Debug */,
				7A9628461F6DBD8B0048CEB2 /* Release */,
			);
			defaultConfigurationIsVisible = 0;
			defaultConfigurationName = Release;
		};
		7A96284A1F6DBD8B0048CEB2 /* Build configuration list for PBXNativeTarget "BirdNestTests" */ = {
			isa = XCConfigurationList;
			buildConfigurations = (
				7A9628471F6DBD8B0048CEB2 /* Debug */,
				7A9628481F6DBD8B0048CEB2 /* Release */,
			);
			defaultConfigurationIsVisible = 0;
			defaultConfigurationName = Release;
		};
		7AD6DB5A1EFB549D00D2D50F /* Build configuration list for PBXProject "Loop" */ = {
			isa = XCConfigurationList;
			buildConfigurations = (
				7AD6DB851EFB549D00D2D50F /* Debug */,
				7AD6DB861EFB549D00D2D50F /* Release */,
			);
			defaultConfigurationIsVisible = 0;
			defaultConfigurationName = Release;
		};
		7AD6DB871EFB549D00D2D50F /* Build configuration list for PBXNativeTarget "Loop" */ = {
			isa = XCConfigurationList;
			buildConfigurations = (
				7AD6DB881EFB549D00D2D50F /* Debug */,
				7AD6DB891EFB549D00D2D50F /* Release */,
			);
			defaultConfigurationIsVisible = 0;
			defaultConfigurationName = Release;
		};
		7AD6DB8A1EFB549D00D2D50F /* Build configuration list for PBXNativeTarget "LoopTests" */ = {
			isa = XCConfigurationList;
			buildConfigurations = (
				7AD6DB8B1EFB549D00D2D50F /* Debug */,
				7AD6DB8C1EFB549D00D2D50F /* Release */,
			);
			defaultConfigurationIsVisible = 0;
			defaultConfigurationName = Release;
		};
		7AD6DB8D1EFB549D00D2D50F /* Build configuration list for PBXNativeTarget "LoopUITests" */ = {
			isa = XCConfigurationList;
			buildConfigurations = (
				7AD6DB8E1EFB549D00D2D50F /* Debug */,
				7AD6DB8F1EFB549D00D2D50F /* Release */,
			);
			defaultConfigurationIsVisible = 0;
			defaultConfigurationName = Release;
		};
		7AD6DBAC1EFB54AF00D2D50F /* Build configuration list for PBXNativeTarget "LoopKit" */ = {
			isa = XCConfigurationList;
			buildConfigurations = (
				7AD6DBAD1EFB54AF00D2D50F /* Debug */,
				7AD6DBAE1EFB54AF00D2D50F /* Release */,
			);
			defaultConfigurationIsVisible = 0;
			defaultConfigurationName = Release;
		};
/* End XCConfigurationList section */

/* Begin XCVersionGroup section */
		7AFB50C41F3A6FFE0057C384 /* Model.xcdatamodeld */ = {
			isa = XCVersionGroup;
			children = (
				7AFB50C51F3A6FFE0057C384 /* Model.xcdatamodel */,
			);
			currentVersion = 7AFB50C51F3A6FFE0057C384 /* Model.xcdatamodel */;
			path = Model.xcdatamodeld;
			sourceTree = "<group>";
			versionGroupType = wrapper.xcdatamodel;
		};
/* End XCVersionGroup section */
	};
	rootObject = 7AD6DB571EFB549D00D2D50F /* Project object */;
}
